// !$*UTF8*$!
{
	archiveVersion = 1;
	classes = {
	};
	objectVersion = 46;
	objects = {

/* Begin PBXBuildFile section */
		3768057A1462D1E20049249A /* FormatReader.h in Headers */ = {isa = PBXBuildFile; fileRef = 376805781462D1E20049249A /* FormatReader.h */; };
		3768057B1462D1E20049249A /* FormatReader.mm in Sources */ = {isa = PBXBuildFile; fileRef = 376805791462D1E20049249A /* FormatReader.mm */; };
		3768057F1462D8280049249A /* QRCodeReader.h in Headers */ = {isa = PBXBuildFile; fileRef = 3768057D1462D8280049249A /* QRCodeReader.h */; };
		376805801462D8280049249A /* QRCodeReader.mm in Sources */ = {isa = PBXBuildFile; fileRef = 3768057E1462D8280049249A /* QRCodeReader.mm */; };
		3768063F1462EE7D0049249A /* BarcodeFormat.cpp in Sources */ = {isa = PBXBuildFile; fileRef = 376805891462EE7D0049249A /* BarcodeFormat.cpp */; };
		376806401462EE7D0049249A /* BarcodeFormat.h in Headers */ = {isa = PBXBuildFile; fileRef = 3768058A1462EE7D0049249A /* BarcodeFormat.h */; };
		376806411462EE7D0049249A /* Binarizer.cpp in Sources */ = {isa = PBXBuildFile; fileRef = 3768058B1462EE7D0049249A /* Binarizer.cpp */; };
		376806421462EE7D0049249A /* Binarizer.h in Headers */ = {isa = PBXBuildFile; fileRef = 3768058C1462EE7D0049249A /* Binarizer.h */; };
		376806431462EE7D0049249A /* BinaryBitmap.cpp in Sources */ = {isa = PBXBuildFile; fileRef = 3768058D1462EE7D0049249A /* BinaryBitmap.cpp */; };
		376806441462EE7D0049249A /* BinaryBitmap.h in Headers */ = {isa = PBXBuildFile; fileRef = 3768058E1462EE7D0049249A /* BinaryBitmap.h */; };
		376806451462EE7D0049249A /* Array.cpp in Sources */ = {isa = PBXBuildFile; fileRef = 376805901462EE7D0049249A /* Array.cpp */; };
		376806461462EE7D0049249A /* Array.h in Headers */ = {isa = PBXBuildFile; fileRef = 376805911462EE7D0049249A /* Array.h */; };
		376806471462EE7D0049249A /* BitArray.cpp in Sources */ = {isa = PBXBuildFile; fileRef = 376805921462EE7D0049249A /* BitArray.cpp */; };
		376806481462EE7D0049249A /* BitArray.h in Headers */ = {isa = PBXBuildFile; fileRef = 376805931462EE7D0049249A /* BitArray.h */; };
		376806491462EE7D0049249A /* BitMatrix.cpp in Sources */ = {isa = PBXBuildFile; fileRef = 376805941462EE7D0049249A /* BitMatrix.cpp */; };
		3768064A1462EE7D0049249A /* BitMatrix.h in Headers */ = {isa = PBXBuildFile; fileRef = 376805951462EE7D0049249A /* BitMatrix.h */; };
		3768064B1462EE7D0049249A /* BitSource.cpp in Sources */ = {isa = PBXBuildFile; fileRef = 376805961462EE7D0049249A /* BitSource.cpp */; };
		3768064C1462EE7D0049249A /* BitSource.h in Headers */ = {isa = PBXBuildFile; fileRef = 376805971462EE7D0049249A /* BitSource.h */; };
		3768064D1462EE7D0049249A /* CharacterSetECI.cpp in Sources */ = {isa = PBXBuildFile; fileRef = 376805981462EE7D0049249A /* CharacterSetECI.cpp */; };
		3768064E1462EE7D0049249A /* CharacterSetECI.h in Headers */ = {isa = PBXBuildFile; fileRef = 376805991462EE7D0049249A /* CharacterSetECI.h */; };
		3768064F1462EE7D0049249A /* Counted.cpp in Sources */ = {isa = PBXBuildFile; fileRef = 3768059A1462EE7D0049249A /* Counted.cpp */; };
		376806501462EE7D0049249A /* Counted.h in Headers */ = {isa = PBXBuildFile; fileRef = 3768059B1462EE7D0049249A /* Counted.h */; };
		376806511462EE7D0049249A /* DecoderResult.cpp in Sources */ = {isa = PBXBuildFile; fileRef = 3768059C1462EE7D0049249A /* DecoderResult.cpp */; };
		376806521462EE7D0049249A /* DecoderResult.h in Headers */ = {isa = PBXBuildFile; fileRef = 3768059D1462EE7D0049249A /* DecoderResult.h */; };
		376806531462EE7D0049249A /* MonochromeRectangleDetector.cpp in Sources */ = {isa = PBXBuildFile; fileRef = 3768059F1462EE7D0049249A /* MonochromeRectangleDetector.cpp */; };
		376806541462EE7D0049249A /* MonochromeRectangleDetector.h in Headers */ = {isa = PBXBuildFile; fileRef = 376805A01462EE7D0049249A /* MonochromeRectangleDetector.h */; };
		376806551462EE7D0049249A /* WhiteRectangleDetector.cpp in Sources */ = {isa = PBXBuildFile; fileRef = 376805A11462EE7D0049249A /* WhiteRectangleDetector.cpp */; };
		376806561462EE7D0049249A /* WhiteRectangleDetector.h in Headers */ = {isa = PBXBuildFile; fileRef = 376805A21462EE7D0049249A /* WhiteRectangleDetector.h */; };
		376806571462EE7D0049249A /* DetectorResult.cpp in Sources */ = {isa = PBXBuildFile; fileRef = 376805A31462EE7D0049249A /* DetectorResult.cpp */; };
		376806581462EE7D0049249A /* DetectorResult.h in Headers */ = {isa = PBXBuildFile; fileRef = 376805A41462EE7D0049249A /* DetectorResult.h */; };
		376806591462EE7D0049249A /* ECI.cpp in Sources */ = {isa = PBXBuildFile; fileRef = 376805A51462EE7D0049249A /* ECI.cpp */; };
		3768065A1462EE7D0049249A /* ECI.h in Headers */ = {isa = PBXBuildFile; fileRef = 376805A61462EE7D0049249A /* ECI.h */; };
		3768065B1462EE7D0049249A /* EdgeDetector.cpp in Sources */ = {isa = PBXBuildFile; fileRef = 376805A71462EE7D0049249A /* EdgeDetector.cpp */; };
		3768065C1462EE7D0049249A /* EdgeDetector.h in Headers */ = {isa = PBXBuildFile; fileRef = 376805A81462EE7D0049249A /* EdgeDetector.h */; };
		3768065D1462EE7D0049249A /* GlobalHistogramBinarizer.cpp in Sources */ = {isa = PBXBuildFile; fileRef = 376805A91462EE7D0049249A /* GlobalHistogramBinarizer.cpp */; };
		3768065E1462EE7D0049249A /* GlobalHistogramBinarizer.h in Headers */ = {isa = PBXBuildFile; fileRef = 376805AA1462EE7D0049249A /* GlobalHistogramBinarizer.h */; };
		3768065F1462EE7D0049249A /* GreyscaleLuminanceSource.cpp in Sources */ = {isa = PBXBuildFile; fileRef = 376805AB1462EE7D0049249A /* GreyscaleLuminanceSource.cpp */; };
		376806601462EE7D0049249A /* GreyscaleLuminanceSource.h in Headers */ = {isa = PBXBuildFile; fileRef = 376805AC1462EE7D0049249A /* GreyscaleLuminanceSource.h */; };
		376806611462EE7D0049249A /* GreyscaleRotatedLuminanceSource.cpp in Sources */ = {isa = PBXBuildFile; fileRef = 376805AD1462EE7D0049249A /* GreyscaleRotatedLuminanceSource.cpp */; };
		376806621462EE7D0049249A /* GreyscaleRotatedLuminanceSource.h in Headers */ = {isa = PBXBuildFile; fileRef = 376805AE1462EE7D0049249A /* GreyscaleRotatedLuminanceSource.h */; };
		376806631462EE7D0049249A /* GridSampler.cpp in Sources */ = {isa = PBXBuildFile; fileRef = 376805AF1462EE7D0049249A /* GridSampler.cpp */; };
		376806641462EE7D0049249A /* GridSampler.h in Headers */ = {isa = PBXBuildFile; fileRef = 376805B01462EE7D0049249A /* GridSampler.h */; };
		376806651462EE7D0049249A /* HybridBinarizer.cpp in Sources */ = {isa = PBXBuildFile; fileRef = 376805B11462EE7D0049249A /* HybridBinarizer.cpp */; };
		376806661462EE7D0049249A /* HybridBinarizer.h in Headers */ = {isa = PBXBuildFile; fileRef = 376805B21462EE7D0049249A /* HybridBinarizer.h */; };
		376806671462EE7D0049249A /* IllegalArgumentException.cpp in Sources */ = {isa = PBXBuildFile; fileRef = 376805B31462EE7D0049249A /* IllegalArgumentException.cpp */; };
		376806681462EE7D0049249A /* IllegalArgumentException.h in Headers */ = {isa = PBXBuildFile; fileRef = 376805B41462EE7D0049249A /* IllegalArgumentException.h */; };
		376806691462EE7D0049249A /* PerspectiveTransform.cpp in Sources */ = {isa = PBXBuildFile; fileRef = 376805B51462EE7D0049249A /* PerspectiveTransform.cpp */; };
		3768066A1462EE7D0049249A /* PerspectiveTransform.h in Headers */ = {isa = PBXBuildFile; fileRef = 376805B61462EE7D0049249A /* PerspectiveTransform.h */; };
		3768066B1462EE7D0049249A /* Point.h in Headers */ = {isa = PBXBuildFile; fileRef = 376805B71462EE7D0049249A /* Point.h */; };
		3768066C1462EE7D0049249A /* GF256.cpp in Sources */ = {isa = PBXBuildFile; fileRef = 376805B91462EE7D0049249A /* GF256.cpp */; };
		3768066D1462EE7D0049249A /* GF256.h in Headers */ = {isa = PBXBuildFile; fileRef = 376805BA1462EE7D0049249A /* GF256.h */; };
		3768066E1462EE7D0049249A /* GF256Poly.cpp in Sources */ = {isa = PBXBuildFile; fileRef = 376805BB1462EE7D0049249A /* GF256Poly.cpp */; };
		3768066F1462EE7D0049249A /* GF256Poly.h in Headers */ = {isa = PBXBuildFile; fileRef = 376805BC1462EE7D0049249A /* GF256Poly.h */; };
		376806701462EE7D0049249A /* ReedSolomonDecoder.cpp in Sources */ = {isa = PBXBuildFile; fileRef = 376805BD1462EE7D0049249A /* ReedSolomonDecoder.cpp */; };
		376806711462EE7D0049249A /* ReedSolomonDecoder.h in Headers */ = {isa = PBXBuildFile; fileRef = 376805BE1462EE7D0049249A /* ReedSolomonDecoder.h */; };
		376806721462EE7D0049249A /* ReedSolomonException.cpp in Sources */ = {isa = PBXBuildFile; fileRef = 376805BF1462EE7D0049249A /* ReedSolomonException.cpp */; };
		376806731462EE7D0049249A /* ReedSolomonException.h in Headers */ = {isa = PBXBuildFile; fileRef = 376805C01462EE7D0049249A /* ReedSolomonException.h */; };
		376806741462EE7D0049249A /* Str.cpp in Sources */ = {isa = PBXBuildFile; fileRef = 376805C11462EE7D0049249A /* Str.cpp */; };
		376806751462EE7D0049249A /* Str.h in Headers */ = {isa = PBXBuildFile; fileRef = 376805C21462EE7D0049249A /* Str.h */; };
		376806761462EE7D0049249A /* StringUtils.cpp in Sources */ = {isa = PBXBuildFile; fileRef = 376805C31462EE7D0049249A /* StringUtils.cpp */; };
		376806771462EE7D0049249A /* StringUtils.h in Headers */ = {isa = PBXBuildFile; fileRef = 376805C41462EE7D0049249A /* StringUtils.h */; };
		376806781462EE7D0049249A /* DataMatrixReader.cpp in Sources */ = {isa = PBXBuildFile; fileRef = 376805C61462EE7D0049249A /* DataMatrixReader.cpp */; };
		376806791462EE7D0049249A /* DataMatrixReader.h in Headers */ = {isa = PBXBuildFile; fileRef = 376805C71462EE7D0049249A /* DataMatrixReader.h */; };
		3768067A1462EE7D0049249A /* BitMatrixParser.cpp in Sources */ = {isa = PBXBuildFile; fileRef = 376805C91462EE7D0049249A /* BitMatrixParser.cpp */; };
		3768067B1462EE7D0049249A /* BitMatrixParser.h in Headers */ = {isa = PBXBuildFile; fileRef = 376805CA1462EE7D0049249A /* BitMatrixParser.h */; };
		3768067C1462EE7D0049249A /* DataBlock.cpp in Sources */ = {isa = PBXBuildFile; fileRef = 376805CB1462EE7D0049249A /* DataBlock.cpp */; };
		3768067D1462EE7D0049249A /* DataBlock.h in Headers */ = {isa = PBXBuildFile; fileRef = 376805CC1462EE7D0049249A /* DataBlock.h */; };
		3768067E1462EE7D0049249A /* DecodedBitStreamParser.cpp in Sources */ = {isa = PBXBuildFile; fileRef = 376805CD1462EE7D0049249A /* DecodedBitStreamParser.cpp */; };
		3768067F1462EE7D0049249A /* DecodedBitStreamParser.h in Headers */ = {isa = PBXBuildFile; fileRef = 376805CE1462EE7D0049249A /* DecodedBitStreamParser.h */; };
		376806801462EE7D0049249A /* Decoder.cpp in Sources */ = {isa = PBXBuildFile; fileRef = 376805CF1462EE7D0049249A /* Decoder.cpp */; };
		376806811462EE7D0049249A /* Decoder.h in Headers */ = {isa = PBXBuildFile; fileRef = 376805D01462EE7D0049249A /* Decoder.h */; };
		376806821462EE7D0049249A /* CornerPoint.cpp in Sources */ = {isa = PBXBuildFile; fileRef = 376805D21462EE7D0049249A /* CornerPoint.cpp */; };
		376806831462EE7D0049249A /* CornerPoint.h in Headers */ = {isa = PBXBuildFile; fileRef = 376805D31462EE7D0049249A /* CornerPoint.h */; };
		376806841462EE7D0049249A /* Detector.cpp in Sources */ = {isa = PBXBuildFile; fileRef = 376805D41462EE7D0049249A /* Detector.cpp */; };
		376806851462EE7D0049249A /* Detector.h in Headers */ = {isa = PBXBuildFile; fileRef = 376805D51462EE7D0049249A /* Detector.h */; };
		376806861462EE7D0049249A /* DetectorException.cpp in Sources */ = {isa = PBXBuildFile; fileRef = 376805D61462EE7D0049249A /* DetectorException.cpp */; };
		376806871462EE7D0049249A /* DetectorException.h in Headers */ = {isa = PBXBuildFile; fileRef = 376805D71462EE7D0049249A /* DetectorException.h */; };
		376806881462EE7D0049249A /* MonochromeRectangleDetector.cpp in Sources */ = {isa = PBXBuildFile; fileRef = 376805D81462EE7D0049249A /* MonochromeRectangleDetector.cpp */; };
		376806891462EE7D0049249A /* MonochromeRectangleDetector.h in Headers */ = {isa = PBXBuildFile; fileRef = 376805D91462EE7D0049249A /* MonochromeRectangleDetector.h */; };
		3768068A1462EE7D0049249A /* Version.cpp in Sources */ = {isa = PBXBuildFile; fileRef = 376805DA1462EE7D0049249A /* Version.cpp */; };
		3768068B1462EE7D0049249A /* Version.h in Headers */ = {isa = PBXBuildFile; fileRef = 376805DB1462EE7D0049249A /* Version.h */; };
		3768068C1462EE7D0049249A /* DecodeHints.cpp in Sources */ = {isa = PBXBuildFile; fileRef = 376805DC1462EE7D0049249A /* DecodeHints.cpp */; };
		3768068D1462EE7D0049249A /* DecodeHints.h in Headers */ = {isa = PBXBuildFile; fileRef = 376805DD1462EE7D0049249A /* DecodeHints.h */; };
		3768068E1462EE7D0049249A /* Exception.cpp in Sources */ = {isa = PBXBuildFile; fileRef = 376805DE1462EE7D0049249A /* Exception.cpp */; };
		3768068F1462EE7D0049249A /* Exception.h in Headers */ = {isa = PBXBuildFile; fileRef = 376805DF1462EE7D0049249A /* Exception.h */; };
		376806901462EE7D0049249A /* FormatException.cpp in Sources */ = {isa = PBXBuildFile; fileRef = 376805E01462EE7D0049249A /* FormatException.cpp */; };
		376806911462EE7D0049249A /* FormatException.h in Headers */ = {isa = PBXBuildFile; fileRef = 376805E11462EE7D0049249A /* FormatException.h */; };
		376806921462EE7D0049249A /* LuminanceSource.cpp in Sources */ = {isa = PBXBuildFile; fileRef = 376805E21462EE7D0049249A /* LuminanceSource.cpp */; };
		376806931462EE7D0049249A /* LuminanceSource.h in Headers */ = {isa = PBXBuildFile; fileRef = 376805E31462EE7D0049249A /* LuminanceSource.h */; };
		376806941462EE7D0049249A /* ByQuadrantReader.cpp in Sources */ = {isa = PBXBuildFile; fileRef = 376805E51462EE7D0049249A /* ByQuadrantReader.cpp */; };
		376806951462EE7D0049249A /* ByQuadrantReader.h in Headers */ = {isa = PBXBuildFile; fileRef = 376805E61462EE7D0049249A /* ByQuadrantReader.h */; };
		376806961462EE7D0049249A /* GenericMultipleBarcodeReader.cpp in Sources */ = {isa = PBXBuildFile; fileRef = 376805E71462EE7D0049249A /* GenericMultipleBarcodeReader.cpp */; };
		376806971462EE7D0049249A /* GenericMultipleBarcodeReader.h in Headers */ = {isa = PBXBuildFile; fileRef = 376805E81462EE7D0049249A /* GenericMultipleBarcodeReader.h */; };
		376806981462EE7D0049249A /* MultipleBarcodeReader.cpp in Sources */ = {isa = PBXBuildFile; fileRef = 376805E91462EE7D0049249A /* MultipleBarcodeReader.cpp */; };
		376806991462EE7D0049249A /* MultipleBarcodeReader.h in Headers */ = {isa = PBXBuildFile; fileRef = 376805EA1462EE7D0049249A /* MultipleBarcodeReader.h */; };
		3768069A1462EE7D0049249A /* MultiDetector.cpp in Sources */ = {isa = PBXBuildFile; fileRef = 376805ED1462EE7D0049249A /* MultiDetector.cpp */; };
		3768069B1462EE7D0049249A /* MultiDetector.h in Headers */ = {isa = PBXBuildFile; fileRef = 376805EE1462EE7D0049249A /* MultiDetector.h */; };
		3768069C1462EE7D0049249A /* MultiFinderPatternFinder.cpp in Sources */ = {isa = PBXBuildFile; fileRef = 376805EF1462EE7D0049249A /* MultiFinderPatternFinder.cpp */; };
		3768069D1462EE7D0049249A /* MultiFinderPatternFinder.h in Headers */ = {isa = PBXBuildFile; fileRef = 376805F01462EE7D0049249A /* MultiFinderPatternFinder.h */; };
		3768069E1462EE7D0049249A /* QRCodeMultiReader.cpp in Sources */ = {isa = PBXBuildFile; fileRef = 376805F11462EE7D0049249A /* QRCodeMultiReader.cpp */; };
		3768069F1462EE7D0049249A /* QRCodeMultiReader.h in Headers */ = {isa = PBXBuildFile; fileRef = 376805F21462EE7D0049249A /* QRCodeMultiReader.h */; };
		376806A01462EE7D0049249A /* MultiFormatReader.cpp in Sources */ = {isa = PBXBuildFile; fileRef = 376805F31462EE7D0049249A /* MultiFormatReader.cpp */; };
		376806A11462EE7D0049249A /* MultiFormatReader.h in Headers */ = {isa = PBXBuildFile; fileRef = 376805F41462EE7D0049249A /* MultiFormatReader.h */; };
		376806A21462EE7D0049249A /* NotFoundException.cpp in Sources */ = {isa = PBXBuildFile; fileRef = 376805F51462EE7D0049249A /* NotFoundException.cpp */; };
		376806A31462EE7E0049249A /* NotFoundException.h in Headers */ = {isa = PBXBuildFile; fileRef = 376805F61462EE7D0049249A /* NotFoundException.h */; };
		376806A41462EE7E0049249A /* Code128Reader.cpp in Sources */ = {isa = PBXBuildFile; fileRef = 376805F81462EE7D0049249A /* Code128Reader.cpp */; };
		376806A51462EE7E0049249A /* Code128Reader.h in Headers */ = {isa = PBXBuildFile; fileRef = 376805F91462EE7D0049249A /* Code128Reader.h */; };
		376806A61462EE7E0049249A /* Code39Reader.cpp in Sources */ = {isa = PBXBuildFile; fileRef = 376805FA1462EE7D0049249A /* Code39Reader.cpp */; };
		376806A71462EE7E0049249A /* Code39Reader.h in Headers */ = {isa = PBXBuildFile; fileRef = 376805FB1462EE7D0049249A /* Code39Reader.h */; };
		376806A81462EE7E0049249A /* EAN13Reader.cpp in Sources */ = {isa = PBXBuildFile; fileRef = 376805FC1462EE7D0049249A /* EAN13Reader.cpp */; };
		376806A91462EE7E0049249A /* EAN13Reader.h in Headers */ = {isa = PBXBuildFile; fileRef = 376805FD1462EE7D0049249A /* EAN13Reader.h */; };
		376806AA1462EE7E0049249A /* EAN8Reader.cpp in Sources */ = {isa = PBXBuildFile; fileRef = 376805FE1462EE7D0049249A /* EAN8Reader.cpp */; };
		376806AB1462EE7E0049249A /* EAN8Reader.h in Headers */ = {isa = PBXBuildFile; fileRef = 376805FF1462EE7D0049249A /* EAN8Reader.h */; };
		376806AC1462EE7E0049249A /* ITFReader.cpp in Sources */ = {isa = PBXBuildFile; fileRef = 376806001462EE7D0049249A /* ITFReader.cpp */; };
		376806AD1462EE7E0049249A /* ITFReader.h in Headers */ = {isa = PBXBuildFile; fileRef = 376806011462EE7D0049249A /* ITFReader.h */; };
		376806AE1462EE7E0049249A /* MultiFormatOneDReader.cpp in Sources */ = {isa = PBXBuildFile; fileRef = 376806021462EE7D0049249A /* MultiFormatOneDReader.cpp */; };
		376806AF1462EE7E0049249A /* MultiFormatOneDReader.h in Headers */ = {isa = PBXBuildFile; fileRef = 376806031462EE7D0049249A /* MultiFormatOneDReader.h */; };
		376806B01462EE7E0049249A /* MultiFormatUPCEANReader.cpp in Sources */ = {isa = PBXBuildFile; fileRef = 376806041462EE7D0049249A /* MultiFormatUPCEANReader.cpp */; };
		376806B11462EE7E0049249A /* MultiFormatUPCEANReader.h in Headers */ = {isa = PBXBuildFile; fileRef = 376806051462EE7D0049249A /* MultiFormatUPCEANReader.h */; };
		376806B21462EE7E0049249A /* OneDReader.cpp in Sources */ = {isa = PBXBuildFile; fileRef = 376806061462EE7D0049249A /* OneDReader.cpp */; };
		376806B31462EE7E0049249A /* OneDReader.h in Headers */ = {isa = PBXBuildFile; fileRef = 376806071462EE7D0049249A /* OneDReader.h */; };
		376806B41462EE7E0049249A /* OneDResultPoint.cpp in Sources */ = {isa = PBXBuildFile; fileRef = 376806081462EE7D0049249A /* OneDResultPoint.cpp */; };
		376806B51462EE7E0049249A /* OneDResultPoint.h in Headers */ = {isa = PBXBuildFile; fileRef = 376806091462EE7D0049249A /* OneDResultPoint.h */; };
		376806B61462EE7E0049249A /* UPCAReader.cpp in Sources */ = {isa = PBXBuildFile; fileRef = 3768060A1462EE7D0049249A /* UPCAReader.cpp */; };
		376806B71462EE7E0049249A /* UPCAReader.h in Headers */ = {isa = PBXBuildFile; fileRef = 3768060B1462EE7D0049249A /* UPCAReader.h */; };
		376806B81462EE7E0049249A /* UPCEANReader.cpp in Sources */ = {isa = PBXBuildFile; fileRef = 3768060C1462EE7D0049249A /* UPCEANReader.cpp */; };
		376806B91462EE7E0049249A /* UPCEANReader.h in Headers */ = {isa = PBXBuildFile; fileRef = 3768060D1462EE7D0049249A /* UPCEANReader.h */; };
		376806BA1462EE7E0049249A /* UPCEReader.cpp in Sources */ = {isa = PBXBuildFile; fileRef = 3768060E1462EE7D0049249A /* UPCEReader.cpp */; };
		376806BB1462EE7E0049249A /* UPCEReader.h in Headers */ = {isa = PBXBuildFile; fileRef = 3768060F1462EE7D0049249A /* UPCEReader.h */; };
		376806BC1462EE7E0049249A /* BitMatrixParser.cpp in Sources */ = {isa = PBXBuildFile; fileRef = 376806121462EE7D0049249A /* BitMatrixParser.cpp */; };
		376806BD1462EE7E0049249A /* BitMatrixParser.h in Headers */ = {isa = PBXBuildFile; fileRef = 376806131462EE7D0049249A /* BitMatrixParser.h */; };
		376806BE1462EE7E0049249A /* DataBlock.cpp in Sources */ = {isa = PBXBuildFile; fileRef = 376806141462EE7D0049249A /* DataBlock.cpp */; };
		376806BF1462EE7E0049249A /* DataBlock.h in Headers */ = {isa = PBXBuildFile; fileRef = 376806151462EE7D0049249A /* DataBlock.h */; };
		376806C01462EE7E0049249A /* DataMask.cpp in Sources */ = {isa = PBXBuildFile; fileRef = 376806161462EE7D0049249A /* DataMask.cpp */; };
		376806C11462EE7E0049249A /* DataMask.h in Headers */ = {isa = PBXBuildFile; fileRef = 376806171462EE7D0049249A /* DataMask.h */; };
		376806C21462EE7E0049249A /* DecodedBitStreamParser.cpp in Sources */ = {isa = PBXBuildFile; fileRef = 376806181462EE7D0049249A /* DecodedBitStreamParser.cpp */; };
		376806C31462EE7E0049249A /* DecodedBitStreamParser.h in Headers */ = {isa = PBXBuildFile; fileRef = 376806191462EE7D0049249A /* DecodedBitStreamParser.h */; };
		376806C41462EE7E0049249A /* Decoder.cpp in Sources */ = {isa = PBXBuildFile; fileRef = 3768061A1462EE7D0049249A /* Decoder.cpp */; };
		376806C51462EE7E0049249A /* Decoder.h in Headers */ = {isa = PBXBuildFile; fileRef = 3768061B1462EE7D0049249A /* Decoder.h */; };
		376806C61462EE7E0049249A /* Mode.cpp in Sources */ = {isa = PBXBuildFile; fileRef = 3768061C1462EE7D0049249A /* Mode.cpp */; };
		376806C71462EE7E0049249A /* Mode.h in Headers */ = {isa = PBXBuildFile; fileRef = 3768061D1462EE7D0049249A /* Mode.h */; };
		376806C81462EE7E0049249A /* AlignmentPattern.cpp in Sources */ = {isa = PBXBuildFile; fileRef = 3768061F1462EE7D0049249A /* AlignmentPattern.cpp */; };
		376806C91462EE7E0049249A /* AlignmentPattern.h in Headers */ = {isa = PBXBuildFile; fileRef = 376806201462EE7D0049249A /* AlignmentPattern.h */; };
		376806CA1462EE7E0049249A /* AlignmentPatternFinder.cpp in Sources */ = {isa = PBXBuildFile; fileRef = 376806211462EE7D0049249A /* AlignmentPatternFinder.cpp */; };
		376806CB1462EE7E0049249A /* AlignmentPatternFinder.h in Headers */ = {isa = PBXBuildFile; fileRef = 376806221462EE7D0049249A /* AlignmentPatternFinder.h */; };
		376806CC1462EE7E0049249A /* Detector.cpp in Sources */ = {isa = PBXBuildFile; fileRef = 376806231462EE7D0049249A /* Detector.cpp */; };
		376806CD1462EE7E0049249A /* Detector.h in Headers */ = {isa = PBXBuildFile; fileRef = 376806241462EE7D0049249A /* Detector.h */; };
		376806CE1462EE7E0049249A /* FinderPattern.cpp in Sources */ = {isa = PBXBuildFile; fileRef = 376806251462EE7D0049249A /* FinderPattern.cpp */; };
		376806CF1462EE7E0049249A /* FinderPattern.h in Headers */ = {isa = PBXBuildFile; fileRef = 376806261462EE7D0049249A /* FinderPattern.h */; };
		376806D01462EE7E0049249A /* FinderPatternFinder.cpp in Sources */ = {isa = PBXBuildFile; fileRef = 376806271462EE7D0049249A /* FinderPatternFinder.cpp */; };
		376806D11462EE7E0049249A /* FinderPatternFinder.h in Headers */ = {isa = PBXBuildFile; fileRef = 376806281462EE7D0049249A /* FinderPatternFinder.h */; };
		376806D21462EE7E0049249A /* FinderPatternInfo.cpp in Sources */ = {isa = PBXBuildFile; fileRef = 376806291462EE7D0049249A /* FinderPatternInfo.cpp */; };
		376806D31462EE7E0049249A /* FinderPatternInfo.h in Headers */ = {isa = PBXBuildFile; fileRef = 3768062A1462EE7D0049249A /* FinderPatternInfo.h */; };
		376806D41462EE7E0049249A /* QREdgeDetector.cpp in Sources */ = {isa = PBXBuildFile; fileRef = 3768062B1462EE7D0049249A /* QREdgeDetector.cpp */; };
		376806D51462EE7E0049249A /* QREdgeDetector.h in Headers */ = {isa = PBXBuildFile; fileRef = 3768062C1462EE7D0049249A /* QREdgeDetector.h */; };
		376806D61462EE7E0049249A /* ErrorCorrectionLevel.cpp in Sources */ = {isa = PBXBuildFile; fileRef = 3768062D1462EE7D0049249A /* ErrorCorrectionLevel.cpp */; };
		376806D71462EE7E0049249A /* ErrorCorrectionLevel.h in Headers */ = {isa = PBXBuildFile; fileRef = 3768062E1462EE7D0049249A /* ErrorCorrectionLevel.h */; };
		376806D81462EE7E0049249A /* FormatInformation.cpp in Sources */ = {isa = PBXBuildFile; fileRef = 3768062F1462EE7D0049249A /* FormatInformation.cpp */; };
		376806D91462EE7E0049249A /* FormatInformation.h in Headers */ = {isa = PBXBuildFile; fileRef = 376806301462EE7D0049249A /* FormatInformation.h */; };
		376806DA1462EE7E0049249A /* QRCodeReader.cpp in Sources */ = {isa = PBXBuildFile; fileRef = 376806311462EE7D0049249A /* QRCodeReader.cpp */; };
		376806DB1462EE7E0049249A /* QRCodeReader.h in Headers */ = {isa = PBXBuildFile; fileRef = 376806321462EE7D0049249A /* QRCodeReader.h */; };
		376806DC1462EE7E0049249A /* Version.cpp in Sources */ = {isa = PBXBuildFile; fileRef = 376806331462EE7D0049249A /* Version.cpp */; };
		376806DD1462EE7E0049249A /* Version.h in Headers */ = {isa = PBXBuildFile; fileRef = 376806341462EE7D0049249A /* Version.h */; };
		376806DE1462EE7E0049249A /* Reader.cpp in Sources */ = {isa = PBXBuildFile; fileRef = 376806351462EE7D0049249A /* Reader.cpp */; };
		376806DF1462EE7E0049249A /* Reader.h in Headers */ = {isa = PBXBuildFile; fileRef = 376806361462EE7D0049249A /* Reader.h */; };
		376806E01462EE7E0049249A /* ReaderException.cpp in Sources */ = {isa = PBXBuildFile; fileRef = 376806371462EE7D0049249A /* ReaderException.cpp */; };
		376806E11462EE7E0049249A /* ReaderException.h in Headers */ = {isa = PBXBuildFile; fileRef = 376806381462EE7D0049249A /* ReaderException.h */; };
		376806E21462EE7E0049249A /* Result.cpp in Sources */ = {isa = PBXBuildFile; fileRef = 376806391462EE7D0049249A /* Result.cpp */; };
		376806E31462EE7E0049249A /* Result.h in Headers */ = {isa = PBXBuildFile; fileRef = 3768063A1462EE7D0049249A /* Result.h */; };
		376806E41462EE7E0049249A /* ResultPoint.cpp in Sources */ = {isa = PBXBuildFile; fileRef = 3768063B1462EE7D0049249A /* ResultPoint.cpp */; };
		376806E51462EE7E0049249A /* ResultPoint.h in Headers */ = {isa = PBXBuildFile; fileRef = 3768063C1462EE7D0049249A /* ResultPoint.h */; };
		376806E61462EE7E0049249A /* ResultPointCallback.cpp in Sources */ = {isa = PBXBuildFile; fileRef = 3768063D1462EE7D0049249A /* ResultPointCallback.cpp */; };
		376806E71462EE7E0049249A /* ResultPointCallback.h in Headers */ = {isa = PBXBuildFile; fileRef = 3768063E1462EE7D0049249A /* ResultPointCallback.h */; };
		376806F31462F0D50049249A /* Decoder.h in Headers */ = {isa = PBXBuildFile; fileRef = 376806E91462F0D40049249A /* Decoder.h */; };
		376806F41462F0D50049249A /* Decoder.mm in Sources */ = {isa = PBXBuildFile; fileRef = 376806EA1462F0D40049249A /* Decoder.mm */; };
		376806F51462F0D50049249A /* DecoderController.h in Headers */ = {isa = PBXBuildFile; fileRef = 376806EB1462F0D40049249A /* DecoderController.h */; };
		376806F61462F0D50049249A /* DecoderController.m in Sources */ = {isa = PBXBuildFile; fileRef = 376806EC1462F0D40049249A /* DecoderController.m */; };
		376806F71462F0D50049249A /* OverlayView.h in Headers */ = {isa = PBXBuildFile; fileRef = 376806ED1462F0D40049249A /* OverlayView.h */; };
		376806F81462F0D50049249A /* OverlayView.m in Sources */ = {isa = PBXBuildFile; fileRef = 376806EE1462F0D40049249A /* OverlayView.m */; };
		376806F91462F0D50049249A /* Sound.h in Headers */ = {isa = PBXBuildFile; fileRef = 376806EF1462F0D40049249A /* Sound.h */; };
		376806FA1462F0D50049249A /* Sound.m in Sources */ = {isa = PBXBuildFile; fileRef = 376806F01462F0D50049249A /* Sound.m */; };
		376806FB1462F0D50049249A /* UIImage-Extensions.h in Headers */ = {isa = PBXBuildFile; fileRef = 376806F11462F0D50049249A /* UIImage-Extensions.h */; };
		376806FC1462F0D50049249A /* UIImage-Extensions.m in Sources */ = {isa = PBXBuildFile; fileRef = 376806F21462F0D50049249A /* UIImage-Extensions.m */; };
		6E8D894810A1332200DB7C32 /* TwoDDecoderResult.h in Headers */ = {isa = PBXBuildFile; fileRef = 6E8D894610A1332200DB7C32 /* TwoDDecoderResult.h */; };
		6E8D894910A1332200DB7C32 /* TwoDDecoderResult.m in Sources */ = {isa = PBXBuildFile; fileRef = 6E8D894710A1332200DB7C32 /* TwoDDecoderResult.m */; };
		6E8D894F10A1333F00DB7C32 /* DecoderDelegate.h in Headers */ = {isa = PBXBuildFile; fileRef = 6E8D894E10A1333F00DB7C32 /* DecoderDelegate.h */; };
		AA747D9F0F9514B9006C5449 /* qrlib_Prefix.pch in Headers */ = {isa = PBXBuildFile; fileRef = AA747D9E0F9514B9006C5449 /* qrlib_Prefix.pch */; };
		AACBBE4A0F95108600F1A2B1 /* Foundation.framework in Frameworks */ = {isa = PBXBuildFile; fileRef = AACBBE490F95108600F1A2B1 /* Foundation.framework */; };
/* End PBXBuildFile section */

/* Begin PBXFileReference section */
		376805781462D1E20049249A /* FormatReader.h */ = {isa = PBXFileReference; fileEncoding = 4; lastKnownFileType = sourcecode.c.h; path = FormatReader.h; sourceTree = "<group>"; };
		376805791462D1E20049249A /* FormatReader.mm */ = {isa = PBXFileReference; fileEncoding = 4; lastKnownFileType = sourcecode.cpp.objcpp; path = FormatReader.mm; sourceTree = "<group>"; };
		3768057D1462D8280049249A /* QRCodeReader.h */ = {isa = PBXFileReference; fileEncoding = 4; lastKnownFileType = sourcecode.c.h; path = QRCodeReader.h; sourceTree = "<group>"; };
		3768057E1462D8280049249A /* QRCodeReader.mm */ = {isa = PBXFileReference; fileEncoding = 4; lastKnownFileType = sourcecode.cpp.objcpp; path = QRCodeReader.mm; sourceTree = "<group>"; };
		376805891462EE7D0049249A /* BarcodeFormat.cpp */ = {isa = PBXFileReference; fileEncoding = 4; lastKnownFileType = sourcecode.cpp.cpp; path = BarcodeFormat.cpp; sourceTree = "<group>"; };
		3768058A1462EE7D0049249A /* BarcodeFormat.h */ = {isa = PBXFileReference; fileEncoding = 4; lastKnownFileType = sourcecode.c.h; path = BarcodeFormat.h; sourceTree = "<group>"; };
		3768058B1462EE7D0049249A /* Binarizer.cpp */ = {isa = PBXFileReference; fileEncoding = 4; lastKnownFileType = sourcecode.cpp.cpp; path = Binarizer.cpp; sourceTree = "<group>"; };
		3768058C1462EE7D0049249A /* Binarizer.h */ = {isa = PBXFileReference; fileEncoding = 4; lastKnownFileType = sourcecode.c.h; path = Binarizer.h; sourceTree = "<group>"; };
		3768058D1462EE7D0049249A /* BinaryBitmap.cpp */ = {isa = PBXFileReference; fileEncoding = 4; lastKnownFileType = sourcecode.cpp.cpp; path = BinaryBitmap.cpp; sourceTree = "<group>"; };
		3768058E1462EE7D0049249A /* BinaryBitmap.h */ = {isa = PBXFileReference; fileEncoding = 4; lastKnownFileType = sourcecode.c.h; path = BinaryBitmap.h; sourceTree = "<group>"; };
		376805901462EE7D0049249A /* Array.cpp */ = {isa = PBXFileReference; fileEncoding = 4; lastKnownFileType = sourcecode.cpp.cpp; path = Array.cpp; sourceTree = "<group>"; };
		376805911462EE7D0049249A /* Array.h */ = {isa = PBXFileReference; fileEncoding = 4; lastKnownFileType = sourcecode.c.h; path = Array.h; sourceTree = "<group>"; };
		376805921462EE7D0049249A /* BitArray.cpp */ = {isa = PBXFileReference; fileEncoding = 4; lastKnownFileType = sourcecode.cpp.cpp; path = BitArray.cpp; sourceTree = "<group>"; };
		376805931462EE7D0049249A /* BitArray.h */ = {isa = PBXFileReference; fileEncoding = 4; lastKnownFileType = sourcecode.c.h; path = BitArray.h; sourceTree = "<group>"; };
		376805941462EE7D0049249A /* BitMatrix.cpp */ = {isa = PBXFileReference; fileEncoding = 4; lastKnownFileType = sourcecode.cpp.cpp; path = BitMatrix.cpp; sourceTree = "<group>"; };
		376805951462EE7D0049249A /* BitMatrix.h */ = {isa = PBXFileReference; fileEncoding = 4; lastKnownFileType = sourcecode.c.h; path = BitMatrix.h; sourceTree = "<group>"; };
		376805961462EE7D0049249A /* BitSource.cpp */ = {isa = PBXFileReference; fileEncoding = 4; lastKnownFileType = sourcecode.cpp.cpp; path = BitSource.cpp; sourceTree = "<group>"; };
		376805971462EE7D0049249A /* BitSource.h */ = {isa = PBXFileReference; fileEncoding = 4; lastKnownFileType = sourcecode.c.h; path = BitSource.h; sourceTree = "<group>"; };
		376805981462EE7D0049249A /* CharacterSetECI.cpp */ = {isa = PBXFileReference; fileEncoding = 4; lastKnownFileType = sourcecode.cpp.cpp; path = CharacterSetECI.cpp; sourceTree = "<group>"; };
		376805991462EE7D0049249A /* CharacterSetECI.h */ = {isa = PBXFileReference; fileEncoding = 4; lastKnownFileType = sourcecode.c.h; path = CharacterSetECI.h; sourceTree = "<group>"; };
		3768059A1462EE7D0049249A /* Counted.cpp */ = {isa = PBXFileReference; fileEncoding = 4; lastKnownFileType = sourcecode.cpp.cpp; path = Counted.cpp; sourceTree = "<group>"; };
		3768059B1462EE7D0049249A /* Counted.h */ = {isa = PBXFileReference; fileEncoding = 4; lastKnownFileType = sourcecode.c.h; path = Counted.h; sourceTree = "<group>"; };
		3768059C1462EE7D0049249A /* DecoderResult.cpp */ = {isa = PBXFileReference; fileEncoding = 4; lastKnownFileType = sourcecode.cpp.cpp; path = DecoderResult.cpp; sourceTree = "<group>"; };
		3768059D1462EE7D0049249A /* DecoderResult.h */ = {isa = PBXFileReference; fileEncoding = 4; lastKnownFileType = sourcecode.c.h; path = DecoderResult.h; sourceTree = "<group>"; };
		3768059F1462EE7D0049249A /* MonochromeRectangleDetector.cpp */ = {isa = PBXFileReference; fileEncoding = 4; lastKnownFileType = sourcecode.cpp.cpp; path = MonochromeRectangleDetector.cpp; sourceTree = "<group>"; };
		376805A01462EE7D0049249A /* MonochromeRectangleDetector.h */ = {isa = PBXFileReference; fileEncoding = 4; lastKnownFileType = sourcecode.c.h; path = MonochromeRectangleDetector.h; sourceTree = "<group>"; };
		376805A11462EE7D0049249A /* WhiteRectangleDetector.cpp */ = {isa = PBXFileReference; fileEncoding = 4; lastKnownFileType = sourcecode.cpp.cpp; path = WhiteRectangleDetector.cpp; sourceTree = "<group>"; };
		376805A21462EE7D0049249A /* WhiteRectangleDetector.h */ = {isa = PBXFileReference; fileEncoding = 4; lastKnownFileType = sourcecode.c.h; path = WhiteRectangleDetector.h; sourceTree = "<group>"; };
		376805A31462EE7D0049249A /* DetectorResult.cpp */ = {isa = PBXFileReference; fileEncoding = 4; lastKnownFileType = sourcecode.cpp.cpp; path = DetectorResult.cpp; sourceTree = "<group>"; };
		376805A41462EE7D0049249A /* DetectorResult.h */ = {isa = PBXFileReference; fileEncoding = 4; lastKnownFileType = sourcecode.c.h; path = DetectorResult.h; sourceTree = "<group>"; };
		376805A51462EE7D0049249A /* ECI.cpp */ = {isa = PBXFileReference; fileEncoding = 4; lastKnownFileType = sourcecode.cpp.cpp; path = ECI.cpp; sourceTree = "<group>"; };
		376805A61462EE7D0049249A /* ECI.h */ = {isa = PBXFileReference; fileEncoding = 4; lastKnownFileType = sourcecode.c.h; path = ECI.h; sourceTree = "<group>"; };
		376805A71462EE7D0049249A /* EdgeDetector.cpp */ = {isa = PBXFileReference; fileEncoding = 4; lastKnownFileType = sourcecode.cpp.cpp; path = EdgeDetector.cpp; sourceTree = "<group>"; };
		376805A81462EE7D0049249A /* EdgeDetector.h */ = {isa = PBXFileReference; fileEncoding = 4; lastKnownFileType = sourcecode.c.h; path = EdgeDetector.h; sourceTree = "<group>"; };
		376805A91462EE7D0049249A /* GlobalHistogramBinarizer.cpp */ = {isa = PBXFileReference; fileEncoding = 4; lastKnownFileType = sourcecode.cpp.cpp; path = GlobalHistogramBinarizer.cpp; sourceTree = "<group>"; };
		376805AA1462EE7D0049249A /* GlobalHistogramBinarizer.h */ = {isa = PBXFileReference; fileEncoding = 4; lastKnownFileType = sourcecode.c.h; path = GlobalHistogramBinarizer.h; sourceTree = "<group>"; };
		376805AB1462EE7D0049249A /* GreyscaleLuminanceSource.cpp */ = {isa = PBXFileReference; fileEncoding = 4; lastKnownFileType = sourcecode.cpp.cpp; path = GreyscaleLuminanceSource.cpp; sourceTree = "<group>"; };
		376805AC1462EE7D0049249A /* GreyscaleLuminanceSource.h */ = {isa = PBXFileReference; fileEncoding = 4; lastKnownFileType = sourcecode.c.h; path = GreyscaleLuminanceSource.h; sourceTree = "<group>"; };
		376805AD1462EE7D0049249A /* GreyscaleRotatedLuminanceSource.cpp */ = {isa = PBXFileReference; fileEncoding = 4; lastKnownFileType = sourcecode.cpp.cpp; path = GreyscaleRotatedLuminanceSource.cpp; sourceTree = "<group>"; };
		376805AE1462EE7D0049249A /* GreyscaleRotatedLuminanceSource.h */ = {isa = PBXFileReference; fileEncoding = 4; lastKnownFileType = sourcecode.c.h; path = GreyscaleRotatedLuminanceSource.h; sourceTree = "<group>"; };
		376805AF1462EE7D0049249A /* GridSampler.cpp */ = {isa = PBXFileReference; fileEncoding = 4; lastKnownFileType = sourcecode.cpp.cpp; path = GridSampler.cpp; sourceTree = "<group>"; };
		376805B01462EE7D0049249A /* GridSampler.h */ = {isa = PBXFileReference; fileEncoding = 4; lastKnownFileType = sourcecode.c.h; path = GridSampler.h; sourceTree = "<group>"; };
		376805B11462EE7D0049249A /* HybridBinarizer.cpp */ = {isa = PBXFileReference; fileEncoding = 4; lastKnownFileType = sourcecode.cpp.cpp; path = HybridBinarizer.cpp; sourceTree = "<group>"; };
		376805B21462EE7D0049249A /* HybridBinarizer.h */ = {isa = PBXFileReference; fileEncoding = 4; lastKnownFileType = sourcecode.c.h; path = HybridBinarizer.h; sourceTree = "<group>"; };
		376805B31462EE7D0049249A /* IllegalArgumentException.cpp */ = {isa = PBXFileReference; fileEncoding = 4; lastKnownFileType = sourcecode.cpp.cpp; path = IllegalArgumentException.cpp; sourceTree = "<group>"; };
		376805B41462EE7D0049249A /* IllegalArgumentException.h */ = {isa = PBXFileReference; fileEncoding = 4; lastKnownFileType = sourcecode.c.h; path = IllegalArgumentException.h; sourceTree = "<group>"; };
		376805B51462EE7D0049249A /* PerspectiveTransform.cpp */ = {isa = PBXFileReference; fileEncoding = 4; lastKnownFileType = sourcecode.cpp.cpp; path = PerspectiveTransform.cpp; sourceTree = "<group>"; };
		376805B61462EE7D0049249A /* PerspectiveTransform.h */ = {isa = PBXFileReference; fileEncoding = 4; lastKnownFileType = sourcecode.c.h; path = PerspectiveTransform.h; sourceTree = "<group>"; };
		376805B71462EE7D0049249A /* Point.h */ = {isa = PBXFileReference; fileEncoding = 4; lastKnownFileType = sourcecode.c.h; path = Point.h; sourceTree = "<group>"; };
		376805B91462EE7D0049249A /* GF256.cpp */ = {isa = PBXFileReference; fileEncoding = 4; lastKnownFileType = sourcecode.cpp.cpp; path = GF256.cpp; sourceTree = "<group>"; };
		376805BA1462EE7D0049249A /* GF256.h */ = {isa = PBXFileReference; fileEncoding = 4; lastKnownFileType = sourcecode.c.h; path = GF256.h; sourceTree = "<group>"; };
		376805BB1462EE7D0049249A /* GF256Poly.cpp */ = {isa = PBXFileReference; fileEncoding = 4; lastKnownFileType = sourcecode.cpp.cpp; path = GF256Poly.cpp; sourceTree = "<group>"; };
		376805BC1462EE7D0049249A /* GF256Poly.h */ = {isa = PBXFileReference; fileEncoding = 4; lastKnownFileType = sourcecode.c.h; path = GF256Poly.h; sourceTree = "<group>"; };
		376805BD1462EE7D0049249A /* ReedSolomonDecoder.cpp */ = {isa = PBXFileReference; fileEncoding = 4; lastKnownFileType = sourcecode.cpp.cpp; path = ReedSolomonDecoder.cpp; sourceTree = "<group>"; };
		376805BE1462EE7D0049249A /* ReedSolomonDecoder.h */ = {isa = PBXFileReference; fileEncoding = 4; lastKnownFileType = sourcecode.c.h; path = ReedSolomonDecoder.h; sourceTree = "<group>"; };
		376805BF1462EE7D0049249A /* ReedSolomonException.cpp */ = {isa = PBXFileReference; fileEncoding = 4; lastKnownFileType = sourcecode.cpp.cpp; path = ReedSolomonException.cpp; sourceTree = "<group>"; };
		376805C01462EE7D0049249A /* ReedSolomonException.h */ = {isa = PBXFileReference; fileEncoding = 4; lastKnownFileType = sourcecode.c.h; path = ReedSolomonException.h; sourceTree = "<group>"; };
		376805C11462EE7D0049249A /* Str.cpp */ = {isa = PBXFileReference; fileEncoding = 4; lastKnownFileType = sourcecode.cpp.cpp; path = Str.cpp; sourceTree = "<group>"; };
		376805C21462EE7D0049249A /* Str.h */ = {isa = PBXFileReference; fileEncoding = 4; lastKnownFileType = sourcecode.c.h; path = Str.h; sourceTree = "<group>"; };
		376805C31462EE7D0049249A /* StringUtils.cpp */ = {isa = PBXFileReference; fileEncoding = 4; lastKnownFileType = sourcecode.cpp.cpp; path = StringUtils.cpp; sourceTree = "<group>"; };
		376805C41462EE7D0049249A /* StringUtils.h */ = {isa = PBXFileReference; fileEncoding = 4; lastKnownFileType = sourcecode.c.h; path = StringUtils.h; sourceTree = "<group>"; };
		376805C61462EE7D0049249A /* DataMatrixReader.cpp */ = {isa = PBXFileReference; fileEncoding = 4; lastKnownFileType = sourcecode.cpp.cpp; path = DataMatrixReader.cpp; sourceTree = "<group>"; };
		376805C71462EE7D0049249A /* DataMatrixReader.h */ = {isa = PBXFileReference; fileEncoding = 4; lastKnownFileType = sourcecode.c.h; path = DataMatrixReader.h; sourceTree = "<group>"; };
		376805C91462EE7D0049249A /* BitMatrixParser.cpp */ = {isa = PBXFileReference; fileEncoding = 4; lastKnownFileType = sourcecode.cpp.cpp; path = BitMatrixParser.cpp; sourceTree = "<group>"; };
		376805CA1462EE7D0049249A /* BitMatrixParser.h */ = {isa = PBXFileReference; fileEncoding = 4; lastKnownFileType = sourcecode.c.h; path = BitMatrixParser.h; sourceTree = "<group>"; };
		376805CB1462EE7D0049249A /* DataBlock.cpp */ = {isa = PBXFileReference; fileEncoding = 4; lastKnownFileType = sourcecode.cpp.cpp; path = DataBlock.cpp; sourceTree = "<group>"; };
		376805CC1462EE7D0049249A /* DataBlock.h */ = {isa = PBXFileReference; fileEncoding = 4; lastKnownFileType = sourcecode.c.h; path = DataBlock.h; sourceTree = "<group>"; };
		376805CD1462EE7D0049249A /* DecodedBitStreamParser.cpp */ = {isa = PBXFileReference; fileEncoding = 4; lastKnownFileType = sourcecode.cpp.cpp; path = DecodedBitStreamParser.cpp; sourceTree = "<group>"; };
		376805CE1462EE7D0049249A /* DecodedBitStreamParser.h */ = {isa = PBXFileReference; fileEncoding = 4; lastKnownFileType = sourcecode.c.h; path = DecodedBitStreamParser.h; sourceTree = "<group>"; };
		376805CF1462EE7D0049249A /* Decoder.cpp */ = {isa = PBXFileReference; fileEncoding = 4; lastKnownFileType = sourcecode.cpp.cpp; path = Decoder.cpp; sourceTree = "<group>"; };
		376805D01462EE7D0049249A /* Decoder.h */ = {isa = PBXFileReference; fileEncoding = 4; lastKnownFileType = sourcecode.c.h; path = Decoder.h; sourceTree = "<group>"; };
		376805D21462EE7D0049249A /* CornerPoint.cpp */ = {isa = PBXFileReference; fileEncoding = 4; lastKnownFileType = sourcecode.cpp.cpp; path = CornerPoint.cpp; sourceTree = "<group>"; };
		376805D31462EE7D0049249A /* CornerPoint.h */ = {isa = PBXFileReference; fileEncoding = 4; lastKnownFileType = sourcecode.c.h; path = CornerPoint.h; sourceTree = "<group>"; };
		376805D41462EE7D0049249A /* Detector.cpp */ = {isa = PBXFileReference; fileEncoding = 4; lastKnownFileType = sourcecode.cpp.cpp; path = Detector.cpp; sourceTree = "<group>"; };
		376805D51462EE7D0049249A /* Detector.h */ = {isa = PBXFileReference; fileEncoding = 4; lastKnownFileType = sourcecode.c.h; path = Detector.h; sourceTree = "<group>"; };
		376805D61462EE7D0049249A /* DetectorException.cpp */ = {isa = PBXFileReference; fileEncoding = 4; lastKnownFileType = sourcecode.cpp.cpp; path = DetectorException.cpp; sourceTree = "<group>"; };
		376805D71462EE7D0049249A /* DetectorException.h */ = {isa = PBXFileReference; fileEncoding = 4; lastKnownFileType = sourcecode.c.h; path = DetectorException.h; sourceTree = "<group>"; };
		376805D81462EE7D0049249A /* MonochromeRectangleDetector.cpp */ = {isa = PBXFileReference; fileEncoding = 4; lastKnownFileType = sourcecode.cpp.cpp; path = MonochromeRectangleDetector.cpp; sourceTree = "<group>"; };
		376805D91462EE7D0049249A /* MonochromeRectangleDetector.h */ = {isa = PBXFileReference; fileEncoding = 4; lastKnownFileType = sourcecode.c.h; path = MonochromeRectangleDetector.h; sourceTree = "<group>"; };
		376805DA1462EE7D0049249A /* Version.cpp */ = {isa = PBXFileReference; fileEncoding = 4; lastKnownFileType = sourcecode.cpp.cpp; path = Version.cpp; sourceTree = "<group>"; };
		376805DB1462EE7D0049249A /* Version.h */ = {isa = PBXFileReference; fileEncoding = 4; lastKnownFileType = sourcecode.c.h; path = Version.h; sourceTree = "<group>"; };
		376805DC1462EE7D0049249A /* DecodeHints.cpp */ = {isa = PBXFileReference; fileEncoding = 4; lastKnownFileType = sourcecode.cpp.cpp; path = DecodeHints.cpp; sourceTree = "<group>"; };
		376805DD1462EE7D0049249A /* DecodeHints.h */ = {isa = PBXFileReference; fileEncoding = 4; lastKnownFileType = sourcecode.c.h; path = DecodeHints.h; sourceTree = "<group>"; };
		376805DE1462EE7D0049249A /* Exception.cpp */ = {isa = PBXFileReference; fileEncoding = 4; lastKnownFileType = sourcecode.cpp.cpp; path = Exception.cpp; sourceTree = "<group>"; };
		376805DF1462EE7D0049249A /* Exception.h */ = {isa = PBXFileReference; fileEncoding = 4; lastKnownFileType = sourcecode.c.h; path = Exception.h; sourceTree = "<group>"; };
		376805E01462EE7D0049249A /* FormatException.cpp */ = {isa = PBXFileReference; fileEncoding = 4; lastKnownFileType = sourcecode.cpp.cpp; path = FormatException.cpp; sourceTree = "<group>"; };
		376805E11462EE7D0049249A /* FormatException.h */ = {isa = PBXFileReference; fileEncoding = 4; lastKnownFileType = sourcecode.c.h; path = FormatException.h; sourceTree = "<group>"; };
		376805E21462EE7D0049249A /* LuminanceSource.cpp */ = {isa = PBXFileReference; fileEncoding = 4; lastKnownFileType = sourcecode.cpp.cpp; path = LuminanceSource.cpp; sourceTree = "<group>"; };
		376805E31462EE7D0049249A /* LuminanceSource.h */ = {isa = PBXFileReference; fileEncoding = 4; lastKnownFileType = sourcecode.c.h; path = LuminanceSource.h; sourceTree = "<group>"; };
		376805E51462EE7D0049249A /* ByQuadrantReader.cpp */ = {isa = PBXFileReference; fileEncoding = 4; lastKnownFileType = sourcecode.cpp.cpp; path = ByQuadrantReader.cpp; sourceTree = "<group>"; };
		376805E61462EE7D0049249A /* ByQuadrantReader.h */ = {isa = PBXFileReference; fileEncoding = 4; lastKnownFileType = sourcecode.c.h; path = ByQuadrantReader.h; sourceTree = "<group>"; };
		376805E71462EE7D0049249A /* GenericMultipleBarcodeReader.cpp */ = {isa = PBXFileReference; fileEncoding = 4; lastKnownFileType = sourcecode.cpp.cpp; path = GenericMultipleBarcodeReader.cpp; sourceTree = "<group>"; };
		376805E81462EE7D0049249A /* GenericMultipleBarcodeReader.h */ = {isa = PBXFileReference; fileEncoding = 4; lastKnownFileType = sourcecode.c.h; path = GenericMultipleBarcodeReader.h; sourceTree = "<group>"; };
		376805E91462EE7D0049249A /* MultipleBarcodeReader.cpp */ = {isa = PBXFileReference; fileEncoding = 4; lastKnownFileType = sourcecode.cpp.cpp; path = MultipleBarcodeReader.cpp; sourceTree = "<group>"; };
		376805EA1462EE7D0049249A /* MultipleBarcodeReader.h */ = {isa = PBXFileReference; fileEncoding = 4; lastKnownFileType = sourcecode.c.h; path = MultipleBarcodeReader.h; sourceTree = "<group>"; };
		376805ED1462EE7D0049249A /* MultiDetector.cpp */ = {isa = PBXFileReference; fileEncoding = 4; lastKnownFileType = sourcecode.cpp.cpp; path = MultiDetector.cpp; sourceTree = "<group>"; };
		376805EE1462EE7D0049249A /* MultiDetector.h */ = {isa = PBXFileReference; fileEncoding = 4; lastKnownFileType = sourcecode.c.h; path = MultiDetector.h; sourceTree = "<group>"; };
		376805EF1462EE7D0049249A /* MultiFinderPatternFinder.cpp */ = {isa = PBXFileReference; fileEncoding = 4; lastKnownFileType = sourcecode.cpp.cpp; path = MultiFinderPatternFinder.cpp; sourceTree = "<group>"; };
		376805F01462EE7D0049249A /* MultiFinderPatternFinder.h */ = {isa = PBXFileReference; fileEncoding = 4; lastKnownFileType = sourcecode.c.h; path = MultiFinderPatternFinder.h; sourceTree = "<group>"; };
		376805F11462EE7D0049249A /* QRCodeMultiReader.cpp */ = {isa = PBXFileReference; fileEncoding = 4; lastKnownFileType = sourcecode.cpp.cpp; path = QRCodeMultiReader.cpp; sourceTree = "<group>"; };
		376805F21462EE7D0049249A /* QRCodeMultiReader.h */ = {isa = PBXFileReference; fileEncoding = 4; lastKnownFileType = sourcecode.c.h; path = QRCodeMultiReader.h; sourceTree = "<group>"; };
		376805F31462EE7D0049249A /* MultiFormatReader.cpp */ = {isa = PBXFileReference; fileEncoding = 4; lastKnownFileType = sourcecode.cpp.cpp; path = MultiFormatReader.cpp; sourceTree = "<group>"; };
		376805F41462EE7D0049249A /* MultiFormatReader.h */ = {isa = PBXFileReference; fileEncoding = 4; lastKnownFileType = sourcecode.c.h; path = MultiFormatReader.h; sourceTree = "<group>"; };
		376805F51462EE7D0049249A /* NotFoundException.cpp */ = {isa = PBXFileReference; fileEncoding = 4; lastKnownFileType = sourcecode.cpp.cpp; path = NotFoundException.cpp; sourceTree = "<group>"; };
		376805F61462EE7D0049249A /* NotFoundException.h */ = {isa = PBXFileReference; fileEncoding = 4; lastKnownFileType = sourcecode.c.h; path = NotFoundException.h; sourceTree = "<group>"; };
		376805F81462EE7D0049249A /* Code128Reader.cpp */ = {isa = PBXFileReference; fileEncoding = 4; lastKnownFileType = sourcecode.cpp.cpp; path = Code128Reader.cpp; sourceTree = "<group>"; };
		376805F91462EE7D0049249A /* Code128Reader.h */ = {isa = PBXFileReference; fileEncoding = 4; lastKnownFileType = sourcecode.c.h; path = Code128Reader.h; sourceTree = "<group>"; };
		376805FA1462EE7D0049249A /* Code39Reader.cpp */ = {isa = PBXFileReference; fileEncoding = 4; lastKnownFileType = sourcecode.cpp.cpp; path = Code39Reader.cpp; sourceTree = "<group>"; };
		376805FB1462EE7D0049249A /* Code39Reader.h */ = {isa = PBXFileReference; fileEncoding = 4; lastKnownFileType = sourcecode.c.h; path = Code39Reader.h; sourceTree = "<group>"; };
		376805FC1462EE7D0049249A /* EAN13Reader.cpp */ = {isa = PBXFileReference; fileEncoding = 4; lastKnownFileType = sourcecode.cpp.cpp; path = EAN13Reader.cpp; sourceTree = "<group>"; };
		376805FD1462EE7D0049249A /* EAN13Reader.h */ = {isa = PBXFileReference; fileEncoding = 4; lastKnownFileType = sourcecode.c.h; path = EAN13Reader.h; sourceTree = "<group>"; };
		376805FE1462EE7D0049249A /* EAN8Reader.cpp */ = {isa = PBXFileReference; fileEncoding = 4; lastKnownFileType = sourcecode.cpp.cpp; path = EAN8Reader.cpp; sourceTree = "<group>"; };
		376805FF1462EE7D0049249A /* EAN8Reader.h */ = {isa = PBXFileReference; fileEncoding = 4; lastKnownFileType = sourcecode.c.h; path = EAN8Reader.h; sourceTree = "<group>"; };
		376806001462EE7D0049249A /* ITFReader.cpp */ = {isa = PBXFileReference; fileEncoding = 4; lastKnownFileType = sourcecode.cpp.cpp; path = ITFReader.cpp; sourceTree = "<group>"; };
		376806011462EE7D0049249A /* ITFReader.h */ = {isa = PBXFileReference; fileEncoding = 4; lastKnownFileType = sourcecode.c.h; path = ITFReader.h; sourceTree = "<group>"; };
		376806021462EE7D0049249A /* MultiFormatOneDReader.cpp */ = {isa = PBXFileReference; fileEncoding = 4; lastKnownFileType = sourcecode.cpp.cpp; path = MultiFormatOneDReader.cpp; sourceTree = "<group>"; };
		376806031462EE7D0049249A /* MultiFormatOneDReader.h */ = {isa = PBXFileReference; fileEncoding = 4; lastKnownFileType = sourcecode.c.h; path = MultiFormatOneDReader.h; sourceTree = "<group>"; };
		376806041462EE7D0049249A /* MultiFormatUPCEANReader.cpp */ = {isa = PBXFileReference; fileEncoding = 4; lastKnownFileType = sourcecode.cpp.cpp; path = MultiFormatUPCEANReader.cpp; sourceTree = "<group>"; };
		376806051462EE7D0049249A /* MultiFormatUPCEANReader.h */ = {isa = PBXFileReference; fileEncoding = 4; lastKnownFileType = sourcecode.c.h; path = MultiFormatUPCEANReader.h; sourceTree = "<group>"; };
		376806061462EE7D0049249A /* OneDReader.cpp */ = {isa = PBXFileReference; fileEncoding = 4; lastKnownFileType = sourcecode.cpp.cpp; path = OneDReader.cpp; sourceTree = "<group>"; };
		376806071462EE7D0049249A /* OneDReader.h */ = {isa = PBXFileReference; fileEncoding = 4; lastKnownFileType = sourcecode.c.h; path = OneDReader.h; sourceTree = "<group>"; };
		376806081462EE7D0049249A /* OneDResultPoint.cpp */ = {isa = PBXFileReference; fileEncoding = 4; lastKnownFileType = sourcecode.cpp.cpp; path = OneDResultPoint.cpp; sourceTree = "<group>"; };
		376806091462EE7D0049249A /* OneDResultPoint.h */ = {isa = PBXFileReference; fileEncoding = 4; lastKnownFileType = sourcecode.c.h; path = OneDResultPoint.h; sourceTree = "<group>"; };
		3768060A1462EE7D0049249A /* UPCAReader.cpp */ = {isa = PBXFileReference; fileEncoding = 4; lastKnownFileType = sourcecode.cpp.cpp; path = UPCAReader.cpp; sourceTree = "<group>"; };
		3768060B1462EE7D0049249A /* UPCAReader.h */ = {isa = PBXFileReference; fileEncoding = 4; lastKnownFileType = sourcecode.c.h; path = UPCAReader.h; sourceTree = "<group>"; };
		3768060C1462EE7D0049249A /* UPCEANReader.cpp */ = {isa = PBXFileReference; fileEncoding = 4; lastKnownFileType = sourcecode.cpp.cpp; path = UPCEANReader.cpp; sourceTree = "<group>"; };
		3768060D1462EE7D0049249A /* UPCEANReader.h */ = {isa = PBXFileReference; fileEncoding = 4; lastKnownFileType = sourcecode.c.h; path = UPCEANReader.h; sourceTree = "<group>"; };
		3768060E1462EE7D0049249A /* UPCEReader.cpp */ = {isa = PBXFileReference; fileEncoding = 4; lastKnownFileType = sourcecode.cpp.cpp; path = UPCEReader.cpp; sourceTree = "<group>"; };
		3768060F1462EE7D0049249A /* UPCEReader.h */ = {isa = PBXFileReference; fileEncoding = 4; lastKnownFileType = sourcecode.c.h; path = UPCEReader.h; sourceTree = "<group>"; };
		376806121462EE7D0049249A /* BitMatrixParser.cpp */ = {isa = PBXFileReference; fileEncoding = 4; lastKnownFileType = sourcecode.cpp.cpp; path = BitMatrixParser.cpp; sourceTree = "<group>"; };
		376806131462EE7D0049249A /* BitMatrixParser.h */ = {isa = PBXFileReference; fileEncoding = 4; lastKnownFileType = sourcecode.c.h; path = BitMatrixParser.h; sourceTree = "<group>"; };
		376806141462EE7D0049249A /* DataBlock.cpp */ = {isa = PBXFileReference; fileEncoding = 4; lastKnownFileType = sourcecode.cpp.cpp; path = DataBlock.cpp; sourceTree = "<group>"; };
		376806151462EE7D0049249A /* DataBlock.h */ = {isa = PBXFileReference; fileEncoding = 4; lastKnownFileType = sourcecode.c.h; path = DataBlock.h; sourceTree = "<group>"; };
		376806161462EE7D0049249A /* DataMask.cpp */ = {isa = PBXFileReference; fileEncoding = 4; lastKnownFileType = sourcecode.cpp.cpp; path = DataMask.cpp; sourceTree = "<group>"; };
		376806171462EE7D0049249A /* DataMask.h */ = {isa = PBXFileReference; fileEncoding = 4; lastKnownFileType = sourcecode.c.h; path = DataMask.h; sourceTree = "<group>"; };
		376806181462EE7D0049249A /* DecodedBitStreamParser.cpp */ = {isa = PBXFileReference; fileEncoding = 4; lastKnownFileType = sourcecode.cpp.cpp; path = DecodedBitStreamParser.cpp; sourceTree = "<group>"; };
		376806191462EE7D0049249A /* DecodedBitStreamParser.h */ = {isa = PBXFileReference; fileEncoding = 4; lastKnownFileType = sourcecode.c.h; path = DecodedBitStreamParser.h; sourceTree = "<group>"; };
		3768061A1462EE7D0049249A /* Decoder.cpp */ = {isa = PBXFileReference; fileEncoding = 4; lastKnownFileType = sourcecode.cpp.cpp; path = Decoder.cpp; sourceTree = "<group>"; };
		3768061B1462EE7D0049249A /* Decoder.h */ = {isa = PBXFileReference; fileEncoding = 4; lastKnownFileType = sourcecode.c.h; path = Decoder.h; sourceTree = "<group>"; };
		3768061C1462EE7D0049249A /* Mode.cpp */ = {isa = PBXFileReference; fileEncoding = 4; lastKnownFileType = sourcecode.cpp.cpp; path = Mode.cpp; sourceTree = "<group>"; };
		3768061D1462EE7D0049249A /* Mode.h */ = {isa = PBXFileReference; fileEncoding = 4; lastKnownFileType = sourcecode.c.h; path = Mode.h; sourceTree = "<group>"; };
		3768061F1462EE7D0049249A /* AlignmentPattern.cpp */ = {isa = PBXFileReference; fileEncoding = 4; lastKnownFileType = sourcecode.cpp.cpp; path = AlignmentPattern.cpp; sourceTree = "<group>"; };
		376806201462EE7D0049249A /* AlignmentPattern.h */ = {isa = PBXFileReference; fileEncoding = 4; lastKnownFileType = sourcecode.c.h; path = AlignmentPattern.h; sourceTree = "<group>"; };
		376806211462EE7D0049249A /* AlignmentPatternFinder.cpp */ = {isa = PBXFileReference; fileEncoding = 4; lastKnownFileType = sourcecode.cpp.cpp; path = AlignmentPatternFinder.cpp; sourceTree = "<group>"; };
		376806221462EE7D0049249A /* AlignmentPatternFinder.h */ = {isa = PBXFileReference; fileEncoding = 4; lastKnownFileType = sourcecode.c.h; path = AlignmentPatternFinder.h; sourceTree = "<group>"; };
		376806231462EE7D0049249A /* Detector.cpp */ = {isa = PBXFileReference; fileEncoding = 4; lastKnownFileType = sourcecode.cpp.cpp; path = Detector.cpp; sourceTree = "<group>"; };
		376806241462EE7D0049249A /* Detector.h */ = {isa = PBXFileReference; fileEncoding = 4; lastKnownFileType = sourcecode.c.h; path = Detector.h; sourceTree = "<group>"; };
		376806251462EE7D0049249A /* FinderPattern.cpp */ = {isa = PBXFileReference; fileEncoding = 4; lastKnownFileType = sourcecode.cpp.cpp; path = FinderPattern.cpp; sourceTree = "<group>"; };
		376806261462EE7D0049249A /* FinderPattern.h */ = {isa = PBXFileReference; fileEncoding = 4; lastKnownFileType = sourcecode.c.h; path = FinderPattern.h; sourceTree = "<group>"; };
		376806271462EE7D0049249A /* FinderPatternFinder.cpp */ = {isa = PBXFileReference; fileEncoding = 4; lastKnownFileType = sourcecode.cpp.cpp; path = FinderPatternFinder.cpp; sourceTree = "<group>"; };
		376806281462EE7D0049249A /* FinderPatternFinder.h */ = {isa = PBXFileReference; fileEncoding = 4; lastKnownFileType = sourcecode.c.h; path = FinderPatternFinder.h; sourceTree = "<group>"; };
		376806291462EE7D0049249A /* FinderPatternInfo.cpp */ = {isa = PBXFileReference; fileEncoding = 4; lastKnownFileType = sourcecode.cpp.cpp; path = FinderPatternInfo.cpp; sourceTree = "<group>"; };
		3768062A1462EE7D0049249A /* FinderPatternInfo.h */ = {isa = PBXFileReference; fileEncoding = 4; lastKnownFileType = sourcecode.c.h; path = FinderPatternInfo.h; sourceTree = "<group>"; };
		3768062B1462EE7D0049249A /* QREdgeDetector.cpp */ = {isa = PBXFileReference; fileEncoding = 4; lastKnownFileType = sourcecode.cpp.cpp; path = QREdgeDetector.cpp; sourceTree = "<group>"; };
		3768062C1462EE7D0049249A /* QREdgeDetector.h */ = {isa = PBXFileReference; fileEncoding = 4; lastKnownFileType = sourcecode.c.h; path = QREdgeDetector.h; sourceTree = "<group>"; };
		3768062D1462EE7D0049249A /* ErrorCorrectionLevel.cpp */ = {isa = PBXFileReference; fileEncoding = 4; lastKnownFileType = sourcecode.cpp.cpp; path = ErrorCorrectionLevel.cpp; sourceTree = "<group>"; };
		3768062E1462EE7D0049249A /* ErrorCorrectionLevel.h */ = {isa = PBXFileReference; fileEncoding = 4; lastKnownFileType = sourcecode.c.h; path = ErrorCorrectionLevel.h; sourceTree = "<group>"; };
		3768062F1462EE7D0049249A /* FormatInformation.cpp */ = {isa = PBXFileReference; fileEncoding = 4; lastKnownFileType = sourcecode.cpp.cpp; path = FormatInformation.cpp; sourceTree = "<group>"; };
		376806301462EE7D0049249A /* FormatInformation.h */ = {isa = PBXFileReference; fileEncoding = 4; lastKnownFileType = sourcecode.c.h; path = FormatInformation.h; sourceTree = "<group>"; };
		376806311462EE7D0049249A /* QRCodeReader.cpp */ = {isa = PBXFileReference; fileEncoding = 4; lastKnownFileType = sourcecode.cpp.cpp; path = QRCodeReader.cpp; sourceTree = "<group>"; };
		376806321462EE7D0049249A /* QRCodeReader.h */ = {isa = PBXFileReference; fileEncoding = 4; lastKnownFileType = sourcecode.c.h; path = QRCodeReader.h; sourceTree = "<group>"; };
		376806331462EE7D0049249A /* Version.cpp */ = {isa = PBXFileReference; fileEncoding = 4; lastKnownFileType = sourcecode.cpp.cpp; path = Version.cpp; sourceTree = "<group>"; };
		376806341462EE7D0049249A /* Version.h */ = {isa = PBXFileReference; fileEncoding = 4; lastKnownFileType = sourcecode.c.h; path = Version.h; sourceTree = "<group>"; };
		376806351462EE7D0049249A /* Reader.cpp */ = {isa = PBXFileReference; fileEncoding = 4; lastKnownFileType = sourcecode.cpp.cpp; path = Reader.cpp; sourceTree = "<group>"; };
		376806361462EE7D0049249A /* Reader.h */ = {isa = PBXFileReference; fileEncoding = 4; lastKnownFileType = sourcecode.c.h; path = Reader.h; sourceTree = "<group>"; };
		376806371462EE7D0049249A /* ReaderException.cpp */ = {isa = PBXFileReference; fileEncoding = 4; lastKnownFileType = sourcecode.cpp.cpp; path = ReaderException.cpp; sourceTree = "<group>"; };
		376806381462EE7D0049249A /* ReaderException.h */ = {isa = PBXFileReference; fileEncoding = 4; lastKnownFileType = sourcecode.c.h; path = ReaderException.h; sourceTree = "<group>"; };
		376806391462EE7D0049249A /* Result.cpp */ = {isa = PBXFileReference; fileEncoding = 4; lastKnownFileType = sourcecode.cpp.cpp; path = Result.cpp; sourceTree = "<group>"; };
		3768063A1462EE7D0049249A /* Result.h */ = {isa = PBXFileReference; fileEncoding = 4; lastKnownFileType = sourcecode.c.h; path = Result.h; sourceTree = "<group>"; };
		3768063B1462EE7D0049249A /* ResultPoint.cpp */ = {isa = PBXFileReference; fileEncoding = 4; lastKnownFileType = sourcecode.cpp.cpp; path = ResultPoint.cpp; sourceTree = "<group>"; };
		3768063C1462EE7D0049249A /* ResultPoint.h */ = {isa = PBXFileReference; fileEncoding = 4; lastKnownFileType = sourcecode.c.h; path = ResultPoint.h; sourceTree = "<group>"; };
		3768063D1462EE7D0049249A /* ResultPointCallback.cpp */ = {isa = PBXFileReference; fileEncoding = 4; lastKnownFileType = sourcecode.cpp.cpp; path = ResultPointCallback.cpp; sourceTree = "<group>"; };
		3768063E1462EE7D0049249A /* ResultPointCallback.h */ = {isa = PBXFileReference; fileEncoding = 4; lastKnownFileType = sourcecode.c.h; path = ResultPointCallback.h; sourceTree = "<group>"; };
		376806E91462F0D40049249A /* Decoder.h */ = {isa = PBXFileReference; fileEncoding = 4; lastKnownFileType = sourcecode.c.h; path = Decoder.h; sourceTree = "<group>"; };
		376806EA1462F0D40049249A /* Decoder.mm */ = {isa = PBXFileReference; fileEncoding = 4; lastKnownFileType = sourcecode.cpp.objcpp; path = Decoder.mm; sourceTree = "<group>"; };
		376806EB1462F0D40049249A /* DecoderController.h */ = {isa = PBXFileReference; fileEncoding = 4; lastKnownFileType = sourcecode.c.h; path = DecoderController.h; sourceTree = "<group>"; };
		376806EC1462F0D40049249A /* DecoderController.m */ = {isa = PBXFileReference; fileEncoding = 4; lastKnownFileType = sourcecode.c.objc; path = DecoderController.m; sourceTree = "<group>"; };
		376806ED1462F0D40049249A /* OverlayView.h */ = {isa = PBXFileReference; fileEncoding = 4; lastKnownFileType = sourcecode.c.h; path = OverlayView.h; sourceTree = "<group>"; };
		376806EE1462F0D40049249A /* OverlayView.m */ = {isa = PBXFileReference; fileEncoding = 4; lastKnownFileType = sourcecode.c.objc; path = OverlayView.m; sourceTree = "<group>"; };
		376806EF1462F0D40049249A /* Sound.h */ = {isa = PBXFileReference; fileEncoding = 4; lastKnownFileType = sourcecode.c.h; path = Sound.h; sourceTree = "<group>"; };
		376806F01462F0D50049249A /* Sound.m */ = {isa = PBXFileReference; fileEncoding = 4; lastKnownFileType = sourcecode.c.objc; path = Sound.m; sourceTree = "<group>"; };
		376806F11462F0D50049249A /* UIImage-Extensions.h */ = {isa = PBXFileReference; fileEncoding = 4; lastKnownFileType = sourcecode.c.h; path = "UIImage-Extensions.h"; sourceTree = "<group>"; };
		376806F21462F0D50049249A /* UIImage-Extensions.m */ = {isa = PBXFileReference; fileEncoding = 4; lastKnownFileType = sourcecode.c.objc; path = "UIImage-Extensions.m"; sourceTree = "<group>"; };
		6E8D894610A1332200DB7C32 /* TwoDDecoderResult.h */ = {isa = PBXFileReference; fileEncoding = 4; lastKnownFileType = sourcecode.c.h; path = TwoDDecoderResult.h; sourceTree = "<group>"; };
		6E8D894710A1332200DB7C32 /* TwoDDecoderResult.m */ = {isa = PBXFileReference; fileEncoding = 4; lastKnownFileType = sourcecode.c.objc; path = TwoDDecoderResult.m; sourceTree = "<group>"; };
		6E8D894E10A1333F00DB7C32 /* DecoderDelegate.h */ = {isa = PBXFileReference; fileEncoding = 4; lastKnownFileType = sourcecode.c.h; path = DecoderDelegate.h; sourceTree = "<group>"; };
		AA747D9E0F9514B9006C5449 /* qrlib_Prefix.pch */ = {isa = PBXFileReference; fileEncoding = 4; lastKnownFileType = sourcecode.c.h; path = qrlib_Prefix.pch; sourceTree = SOURCE_ROOT; };
		AACBBE490F95108600F1A2B1 /* Foundation.framework */ = {isa = PBXFileReference; lastKnownFileType = wrapper.framework; name = Foundation.framework; path = System/Library/Frameworks/Foundation.framework; sourceTree = SDKROOT; };
		D2AAC07E0554694100DB518D /* libqrlib.a */ = {isa = PBXFileReference; explicitFileType = archive.ar; includeInIndex = 0; path = libqrlib.a; sourceTree = BUILT_PRODUCTS_DIR; };
/* End PBXFileReference section */

/* Begin PBXFrameworksBuildPhase section */
		D2AAC07C0554694100DB518D /* Frameworks */ = {
			isa = PBXFrameworksBuildPhase;
			buildActionMask = 2147483647;
			files = (
				AACBBE4A0F95108600F1A2B1 /* Foundation.framework in Frameworks */,
			);
			runOnlyForDeploymentPostprocessing = 0;
		};
/* End PBXFrameworksBuildPhase section */

/* Begin PBXGroup section */
		034768DFFF38A50411DB9C8B /* Products */ = {
			isa = PBXGroup;
			children = (
				D2AAC07E0554694100DB518D /* libqrlib.a */,
			);
			name = Products;
			sourceTree = "<group>";
		};
		0867D691FE84028FC02AAC07 /* qrlib */ = {
			isa = PBXGroup;
			children = (
				6E8D860F10A1047000DB7C32 /* Classes */,
				376806E81462F0700049249A /* Dependencies */,
				32C88DFF0371C24200C91783 /* Other Sources */,
				0867D69AFE84028FC02AAC07 /* Frameworks */,
				034768DFFF38A50411DB9C8B /* Products */,
			);
			name = qrlib;
			sourceTree = "<group>";
		};
		0867D69AFE84028FC02AAC07 /* Frameworks */ = {
			isa = PBXGroup;
			children = (
				AACBBE490F95108600F1A2B1 /* Foundation.framework */,
			);
			name = Frameworks;
			sourceTree = "<group>";
		};
		32C88DFF0371C24200C91783 /* Other Sources */ = {
			isa = PBXGroup;
			children = (
				AA747D9E0F9514B9006C5449 /* qrlib_Prefix.pch */,
			);
			name = "Other Sources";
			sourceTree = "<group>";
		};
		376805881462EE7D0049249A /* zxing */ = {
			isa = PBXGroup;
			children = (
				376805891462EE7D0049249A /* BarcodeFormat.cpp */,
				3768058A1462EE7D0049249A /* BarcodeFormat.h */,
				3768058B1462EE7D0049249A /* Binarizer.cpp */,
				3768058C1462EE7D0049249A /* Binarizer.h */,
				3768058D1462EE7D0049249A /* BinaryBitmap.cpp */,
				3768058E1462EE7D0049249A /* BinaryBitmap.h */,
				3768058F1462EE7D0049249A /* common */,
				376805C51462EE7D0049249A /* datamatrix */,
				376805DC1462EE7D0049249A /* DecodeHints.cpp */,
				376805DD1462EE7D0049249A /* DecodeHints.h */,
				376805DE1462EE7D0049249A /* Exception.cpp */,
				376805DF1462EE7D0049249A /* Exception.h */,
				376805E01462EE7D0049249A /* FormatException.cpp */,
				376805E11462EE7D0049249A /* FormatException.h */,
				376805E21462EE7D0049249A /* LuminanceSource.cpp */,
				376805E31462EE7D0049249A /* LuminanceSource.h */,
				376805E41462EE7D0049249A /* multi */,
				376805F31462EE7D0049249A /* MultiFormatReader.cpp */,
				376805F41462EE7D0049249A /* MultiFormatReader.h */,
				376805F51462EE7D0049249A /* NotFoundException.cpp */,
				376805F61462EE7D0049249A /* NotFoundException.h */,
				376805F71462EE7D0049249A /* oned */,
				376806101462EE7D0049249A /* qrcode */,
				376806351462EE7D0049249A /* Reader.cpp */,
				376806361462EE7D0049249A /* Reader.h */,
				376806371462EE7D0049249A /* ReaderException.cpp */,
				376806381462EE7D0049249A /* ReaderException.h */,
				376806391462EE7D0049249A /* Result.cpp */,
				3768063A1462EE7D0049249A /* Result.h */,
				3768063B1462EE7D0049249A /* ResultPoint.cpp */,
				3768063C1462EE7D0049249A /* ResultPoint.h */,
				3768063D1462EE7D0049249A /* ResultPointCallback.cpp */,
				3768063E1462EE7D0049249A /* ResultPointCallback.h */,
			);
			path = zxing;
			sourceTree = "<group>";
		};
		3768058F1462EE7D0049249A /* common */ = {
			isa = PBXGroup;
			children = (
				376805901462EE7D0049249A /* Array.cpp */,
				376805911462EE7D0049249A /* Array.h */,
				376805921462EE7D0049249A /* BitArray.cpp */,
				376805931462EE7D0049249A /* BitArray.h */,
				376805941462EE7D0049249A /* BitMatrix.cpp */,
				376805951462EE7D0049249A /* BitMatrix.h */,
				376805961462EE7D0049249A /* BitSource.cpp */,
				376805971462EE7D0049249A /* BitSource.h */,
				376805981462EE7D0049249A /* CharacterSetECI.cpp */,
				376805991462EE7D0049249A /* CharacterSetECI.h */,
				3768059A1462EE7D0049249A /* Counted.cpp */,
				3768059B1462EE7D0049249A /* Counted.h */,
				3768059C1462EE7D0049249A /* DecoderResult.cpp */,
				3768059D1462EE7D0049249A /* DecoderResult.h */,
				3768059E1462EE7D0049249A /* detector */,
				376805A31462EE7D0049249A /* DetectorResult.cpp */,
				376805A41462EE7D0049249A /* DetectorResult.h */,
				376805A51462EE7D0049249A /* ECI.cpp */,
				376805A61462EE7D0049249A /* ECI.h */,
				376805A71462EE7D0049249A /* EdgeDetector.cpp */,
				376805A81462EE7D0049249A /* EdgeDetector.h */,
				376805A91462EE7D0049249A /* GlobalHistogramBinarizer.cpp */,
				376805AA1462EE7D0049249A /* GlobalHistogramBinarizer.h */,
				376805AB1462EE7D0049249A /* GreyscaleLuminanceSource.cpp */,
				376805AC1462EE7D0049249A /* GreyscaleLuminanceSource.h */,
				376805AD1462EE7D0049249A /* GreyscaleRotatedLuminanceSource.cpp */,
				376805AE1462EE7D0049249A /* GreyscaleRotatedLuminanceSource.h */,
				376805AF1462EE7D0049249A /* GridSampler.cpp */,
				376805B01462EE7D0049249A /* GridSampler.h */,
				376805B11462EE7D0049249A /* HybridBinarizer.cpp */,
				376805B21462EE7D0049249A /* HybridBinarizer.h */,
				376805B31462EE7D0049249A /* IllegalArgumentException.cpp */,
				376805B41462EE7D0049249A /* IllegalArgumentException.h */,
				376805B51462EE7D0049249A /* PerspectiveTransform.cpp */,
				376805B61462EE7D0049249A /* PerspectiveTransform.h */,
				376805B71462EE7D0049249A /* Point.h */,
				376805B81462EE7D0049249A /* reedsolomon */,
				376805C11462EE7D0049249A /* Str.cpp */,
				376805C21462EE7D0049249A /* Str.h */,
				376805C31462EE7D0049249A /* StringUtils.cpp */,
				376805C41462EE7D0049249A /* StringUtils.h */,
			);
			path = common;
			sourceTree = "<group>";
		};
		3768059E1462EE7D0049249A /* detector */ = {
			isa = PBXGroup;
			children = (
				3768059F1462EE7D0049249A /* MonochromeRectangleDetector.cpp */,
				376805A01462EE7D0049249A /* MonochromeRectangleDetector.h */,
				376805A11462EE7D0049249A /* WhiteRectangleDetector.cpp */,
				376805A21462EE7D0049249A /* WhiteRectangleDetector.h */,
			);
			path = detector;
			sourceTree = "<group>";
		};
		376805B81462EE7D0049249A /* reedsolomon */ = {
			isa = PBXGroup;
			children = (
				376805B91462EE7D0049249A /* GF256.cpp */,
				376805BA1462EE7D0049249A /* GF256.h */,
				376805BB1462EE7D0049249A /* GF256Poly.cpp */,
				376805BC1462EE7D0049249A /* GF256Poly.h */,
				376805BD1462EE7D0049249A /* ReedSolomonDecoder.cpp */,
				376805BE1462EE7D0049249A /* ReedSolomonDecoder.h */,
				376805BF1462EE7D0049249A /* ReedSolomonException.cpp */,
				376805C01462EE7D0049249A /* ReedSolomonException.h */,
			);
			path = reedsolomon;
			sourceTree = "<group>";
		};
		376805C51462EE7D0049249A /* datamatrix */ = {
			isa = PBXGroup;
			children = (
				376805C61462EE7D0049249A /* DataMatrixReader.cpp */,
				376805C71462EE7D0049249A /* DataMatrixReader.h */,
				376805C81462EE7D0049249A /* decoder */,
				376805D11462EE7D0049249A /* detector */,
				376805DA1462EE7D0049249A /* Version.cpp */,
				376805DB1462EE7D0049249A /* Version.h */,
			);
			path = datamatrix;
			sourceTree = "<group>";
		};
		376805C81462EE7D0049249A /* decoder */ = {
			isa = PBXGroup;
			children = (
				376805C91462EE7D0049249A /* BitMatrixParser.cpp */,
				376805CA1462EE7D0049249A /* BitMatrixParser.h */,
				376805CB1462EE7D0049249A /* DataBlock.cpp */,
				376805CC1462EE7D0049249A /* DataBlock.h */,
				376805CD1462EE7D0049249A /* DecodedBitStreamParser.cpp */,
				376805CE1462EE7D0049249A /* DecodedBitStreamParser.h */,
				376805CF1462EE7D0049249A /* Decoder.cpp */,
				376805D01462EE7D0049249A /* Decoder.h */,
			);
			path = decoder;
			sourceTree = "<group>";
		};
		376805D11462EE7D0049249A /* detector */ = {
			isa = PBXGroup;
			children = (
				376805D21462EE7D0049249A /* CornerPoint.cpp */,
				376805D31462EE7D0049249A /* CornerPoint.h */,
				376805D41462EE7D0049249A /* Detector.cpp */,
				376805D51462EE7D0049249A /* Detector.h */,
				376805D61462EE7D0049249A /* DetectorException.cpp */,
				376805D71462EE7D0049249A /* DetectorException.h */,
				376805D81462EE7D0049249A /* MonochromeRectangleDetector.cpp */,
				376805D91462EE7D0049249A /* MonochromeRectangleDetector.h */,
			);
			path = detector;
			sourceTree = "<group>";
		};
		376805E41462EE7D0049249A /* multi */ = {
			isa = PBXGroup;
			children = (
				376805E51462EE7D0049249A /* ByQuadrantReader.cpp */,
				376805E61462EE7D0049249A /* ByQuadrantReader.h */,
				376805E71462EE7D0049249A /* GenericMultipleBarcodeReader.cpp */,
				376805E81462EE7D0049249A /* GenericMultipleBarcodeReader.h */,
				376805E91462EE7D0049249A /* MultipleBarcodeReader.cpp */,
				376805EA1462EE7D0049249A /* MultipleBarcodeReader.h */,
				376805EB1462EE7D0049249A /* qrcode */,
			);
			path = multi;
			sourceTree = "<group>";
		};
		376805EB1462EE7D0049249A /* qrcode */ = {
			isa = PBXGroup;
			children = (
				376805EC1462EE7D0049249A /* detector */,
				376805F11462EE7D0049249A /* QRCodeMultiReader.cpp */,
				376805F21462EE7D0049249A /* QRCodeMultiReader.h */,
			);
			path = qrcode;
			sourceTree = "<group>";
		};
		376805EC1462EE7D0049249A /* detector */ = {
			isa = PBXGroup;
			children = (
				376805ED1462EE7D0049249A /* MultiDetector.cpp */,
				376805EE1462EE7D0049249A /* MultiDetector.h */,
				376805EF1462EE7D0049249A /* MultiFinderPatternFinder.cpp */,
				376805F01462EE7D0049249A /* MultiFinderPatternFinder.h */,
			);
			path = detector;
			sourceTree = "<group>";
		};
		376805F71462EE7D0049249A /* oned */ = {
			isa = PBXGroup;
			children = (
				376805F81462EE7D0049249A /* Code128Reader.cpp */,
				376805F91462EE7D0049249A /* Code128Reader.h */,
				376805FA1462EE7D0049249A /* Code39Reader.cpp */,
				376805FB1462EE7D0049249A /* Code39Reader.h */,
				376805FC1462EE7D0049249A /* EAN13Reader.cpp */,
				376805FD1462EE7D0049249A /* EAN13Reader.h */,
				376805FE1462EE7D0049249A /* EAN8Reader.cpp */,
				376805FF1462EE7D0049249A /* EAN8Reader.h */,
				376806001462EE7D0049249A /* ITFReader.cpp */,
				376806011462EE7D0049249A /* ITFReader.h */,
				376806021462EE7D0049249A /* MultiFormatOneDReader.cpp */,
				376806031462EE7D0049249A /* MultiFormatOneDReader.h */,
				376806041462EE7D0049249A /* MultiFormatUPCEANReader.cpp */,
				376806051462EE7D0049249A /* MultiFormatUPCEANReader.h */,
				376806061462EE7D0049249A /* OneDReader.cpp */,
				376806071462EE7D0049249A /* OneDReader.h */,
				376806081462EE7D0049249A /* OneDResultPoint.cpp */,
				376806091462EE7D0049249A /* OneDResultPoint.h */,
				3768060A1462EE7D0049249A /* UPCAReader.cpp */,
				3768060B1462EE7D0049249A /* UPCAReader.h */,
				3768060C1462EE7D0049249A /* UPCEANReader.cpp */,
				3768060D1462EE7D0049249A /* UPCEANReader.h */,
				3768060E1462EE7D0049249A /* UPCEReader.cpp */,
				3768060F1462EE7D0049249A /* UPCEReader.h */,
			);
			path = oned;
			sourceTree = "<group>";
		};
		376806101462EE7D0049249A /* qrcode */ = {
			isa = PBXGroup;
			children = (
				376806111462EE7D0049249A /* decoder */,
				3768061E1462EE7D0049249A /* detector */,
				3768062D1462EE7D0049249A /* ErrorCorrectionLevel.cpp */,
				3768062E1462EE7D0049249A /* ErrorCorrectionLevel.h */,
				3768062F1462EE7D0049249A /* FormatInformation.cpp */,
				376806301462EE7D0049249A /* FormatInformation.h */,
				376806311462EE7D0049249A /* QRCodeReader.cpp */,
				376806321462EE7D0049249A /* QRCodeReader.h */,
				376806331462EE7D0049249A /* Version.cpp */,
				376806341462EE7D0049249A /* Version.h */,
			);
			path = qrcode;
			sourceTree = "<group>";
		};
		376806111462EE7D0049249A /* decoder */ = {
			isa = PBXGroup;
			children = (
				376806121462EE7D0049249A /* BitMatrixParser.cpp */,
				376806131462EE7D0049249A /* BitMatrixParser.h */,
				376806141462EE7D0049249A /* DataBlock.cpp */,
				376806151462EE7D0049249A /* DataBlock.h */,
				376806161462EE7D0049249A /* DataMask.cpp */,
				376806171462EE7D0049249A /* DataMask.h */,
				376806181462EE7D0049249A /* DecodedBitStreamParser.cpp */,
				376806191462EE7D0049249A /* DecodedBitStreamParser.h */,
				3768061A1462EE7D0049249A /* Decoder.cpp */,
				3768061B1462EE7D0049249A /* Decoder.h */,
				3768061C1462EE7D0049249A /* Mode.cpp */,
				3768061D1462EE7D0049249A /* Mode.h */,
			);
			path = decoder;
			sourceTree = "<group>";
		};
		3768061E1462EE7D0049249A /* detector */ = {
			isa = PBXGroup;
			children = (
				3768061F1462EE7D0049249A /* AlignmentPattern.cpp */,
				376806201462EE7D0049249A /* AlignmentPattern.h */,
				376806211462EE7D0049249A /* AlignmentPatternFinder.cpp */,
				376806221462EE7D0049249A /* AlignmentPatternFinder.h */,
				376806231462EE7D0049249A /* Detector.cpp */,
				376806241462EE7D0049249A /* Detector.h */,
				376806251462EE7D0049249A /* FinderPattern.cpp */,
				376806261462EE7D0049249A /* FinderPattern.h */,
				376806271462EE7D0049249A /* FinderPatternFinder.cpp */,
				376806281462EE7D0049249A /* FinderPatternFinder.h */,
				376806291462EE7D0049249A /* FinderPatternInfo.cpp */,
				3768062A1462EE7D0049249A /* FinderPatternInfo.h */,
				3768062B1462EE7D0049249A /* QREdgeDetector.cpp */,
				3768062C1462EE7D0049249A /* QREdgeDetector.h */,
			);
			path = detector;
			sourceTree = "<group>";
		};
		376806E81462F0700049249A /* Dependencies */ = {
			isa = PBXGroup;
			children = (
				376805881462EE7D0049249A /* zxing */,
			);
			name = Dependencies;
			sourceTree = "<group>";
		};
		376806FD1462F0DE0049249A /* Decoder */ = {
			isa = PBXGroup;
			children = (
				6E8D894610A1332200DB7C32 /* TwoDDecoderResult.h */,
				6E8D894710A1332200DB7C32 /* TwoDDecoderResult.m */,
				6E8D894E10A1333F00DB7C32 /* DecoderDelegate.h */,
				376806E91462F0D40049249A /* Decoder.h */,
				376806EA1462F0D40049249A /* Decoder.mm */,
			);
			name = Decoder;
			sourceTree = "<group>";
		};
		376806FE1462F0EB0049249A /* Decoder Controller */ = {
			isa = PBXGroup;
			children = (
				376806FF1462F0F80049249A /* Overlay View */,
				376806EB1462F0D40049249A /* DecoderController.h */,
				376806EC1462F0D40049249A /* DecoderController.m */,
			);
			name = "Decoder Controller";
			sourceTree = "<group>";
		};
		376806FF1462F0F80049249A /* Overlay View */ = {
			isa = PBXGroup;
			children = (
				376806ED1462F0D40049249A /* OverlayView.h */,
				376806EE1462F0D40049249A /* OverlayView.m */,
			);
			name = "Overlay View";
			sourceTree = "<group>";
		};
		376807001462F1130049249A /* Extensions */ = {
			isa = PBXGroup;
			children = (
				376806F11462F0D50049249A /* UIImage-Extensions.h */,
				376806F21462F0D50049249A /* UIImage-Extensions.m */,
			);
			name = Extensions;
			sourceTree = "<group>";
		};
		6E8D860F10A1047000DB7C32 /* Classes */ = {
			isa = PBXGroup;
			children = (
				376807001462F1130049249A /* Extensions */,
				376806FD1462F0DE0049249A /* Decoder */,
				376806FE1462F0EB0049249A /* Decoder Controller */,
				376806EF1462F0D40049249A /* Sound.h */,
				376806F01462F0D50049249A /* Sound.m */,
				376805781462D1E20049249A /* FormatReader.h */,
				376805791462D1E20049249A /* FormatReader.mm */,
				3768057D1462D8280049249A /* QRCodeReader.h */,
				3768057E1462D8280049249A /* QRCodeReader.mm */,
			);
			name = Classes;
			path = src;
			sourceTree = "<group>";
		};
/* End PBXGroup section */

/* Begin PBXHeadersBuildPhase section */
		D2AAC07A0554694100DB518D /* Headers */ = {
			isa = PBXHeadersBuildPhase;
			buildActionMask = 2147483647;
			files = (
				AA747D9F0F9514B9006C5449 /* qrlib_Prefix.pch in Headers */,
				6E8D894810A1332200DB7C32 /* TwoDDecoderResult.h in Headers */,
				6E8D894F10A1333F00DB7C32 /* DecoderDelegate.h in Headers */,
				3768057A1462D1E20049249A /* FormatReader.h in Headers */,
				3768057F1462D8280049249A /* QRCodeReader.h in Headers */,
				376806401462EE7D0049249A /* BarcodeFormat.h in Headers */,
				376806421462EE7D0049249A /* Binarizer.h in Headers */,
				376806441462EE7D0049249A /* BinaryBitmap.h in Headers */,
				376806461462EE7D0049249A /* Array.h in Headers */,
				376806481462EE7D0049249A /* BitArray.h in Headers */,
				3768064A1462EE7D0049249A /* BitMatrix.h in Headers */,
				3768064C1462EE7D0049249A /* BitSource.h in Headers */,
				3768064E1462EE7D0049249A /* CharacterSetECI.h in Headers */,
				376806501462EE7D0049249A /* Counted.h in Headers */,
				376806521462EE7D0049249A /* DecoderResult.h in Headers */,
				376806541462EE7D0049249A /* MonochromeRectangleDetector.h in Headers */,
				376806561462EE7D0049249A /* WhiteRectangleDetector.h in Headers */,
				376806581462EE7D0049249A /* DetectorResult.h in Headers */,
				3768065A1462EE7D0049249A /* ECI.h in Headers */,
				3768065C1462EE7D0049249A /* EdgeDetector.h in Headers */,
				3768065E1462EE7D0049249A /* GlobalHistogramBinarizer.h in Headers */,
				376806601462EE7D0049249A /* GreyscaleLuminanceSource.h in Headers */,
				376806621462EE7D0049249A /* GreyscaleRotatedLuminanceSource.h in Headers */,
				376806641462EE7D0049249A /* GridSampler.h in Headers */,
				376806661462EE7D0049249A /* HybridBinarizer.h in Headers */,
				376806681462EE7D0049249A /* IllegalArgumentException.h in Headers */,
				3768066A1462EE7D0049249A /* PerspectiveTransform.h in Headers */,
				3768066B1462EE7D0049249A /* Point.h in Headers */,
				3768066D1462EE7D0049249A /* GF256.h in Headers */,
				3768066F1462EE7D0049249A /* GF256Poly.h in Headers */,
				376806711462EE7D0049249A /* ReedSolomonDecoder.h in Headers */,
				376806731462EE7D0049249A /* ReedSolomonException.h in Headers */,
				376806751462EE7D0049249A /* Str.h in Headers */,
				376806771462EE7D0049249A /* StringUtils.h in Headers */,
				376806791462EE7D0049249A /* DataMatrixReader.h in Headers */,
				3768067B1462EE7D0049249A /* BitMatrixParser.h in Headers */,
				3768067D1462EE7D0049249A /* DataBlock.h in Headers */,
				3768067F1462EE7D0049249A /* DecodedBitStreamParser.h in Headers */,
				376806811462EE7D0049249A /* Decoder.h in Headers */,
				376806831462EE7D0049249A /* CornerPoint.h in Headers */,
				376806851462EE7D0049249A /* Detector.h in Headers */,
				376806871462EE7D0049249A /* DetectorException.h in Headers */,
				376806891462EE7D0049249A /* MonochromeRectangleDetector.h in Headers */,
				3768068B1462EE7D0049249A /* Version.h in Headers */,
				3768068D1462EE7D0049249A /* DecodeHints.h in Headers */,
				3768068F1462EE7D0049249A /* Exception.h in Headers */,
				376806911462EE7D0049249A /* FormatException.h in Headers */,
				376806931462EE7D0049249A /* LuminanceSource.h in Headers */,
				376806951462EE7D0049249A /* ByQuadrantReader.h in Headers */,
				376806971462EE7D0049249A /* GenericMultipleBarcodeReader.h in Headers */,
				376806991462EE7D0049249A /* MultipleBarcodeReader.h in Headers */,
				3768069B1462EE7D0049249A /* MultiDetector.h in Headers */,
				3768069D1462EE7D0049249A /* MultiFinderPatternFinder.h in Headers */,
				3768069F1462EE7D0049249A /* QRCodeMultiReader.h in Headers */,
				376806A11462EE7D0049249A /* MultiFormatReader.h in Headers */,
				376806A31462EE7E0049249A /* NotFoundException.h in Headers */,
				376806A51462EE7E0049249A /* Code128Reader.h in Headers */,
				376806A71462EE7E0049249A /* Code39Reader.h in Headers */,
				376806A91462EE7E0049249A /* EAN13Reader.h in Headers */,
				376806AB1462EE7E0049249A /* EAN8Reader.h in Headers */,
				376806AD1462EE7E0049249A /* ITFReader.h in Headers */,
				376806AF1462EE7E0049249A /* MultiFormatOneDReader.h in Headers */,
				376806B11462EE7E0049249A /* MultiFormatUPCEANReader.h in Headers */,
				376806B31462EE7E0049249A /* OneDReader.h in Headers */,
				376806B51462EE7E0049249A /* OneDResultPoint.h in Headers */,
				376806B71462EE7E0049249A /* UPCAReader.h in Headers */,
				376806B91462EE7E0049249A /* UPCEANReader.h in Headers */,
				376806BB1462EE7E0049249A /* UPCEReader.h in Headers */,
				376806BD1462EE7E0049249A /* BitMatrixParser.h in Headers */,
				376806BF1462EE7E0049249A /* DataBlock.h in Headers */,
				376806C11462EE7E0049249A /* DataMask.h in Headers */,
				376806C31462EE7E0049249A /* DecodedBitStreamParser.h in Headers */,
				376806C51462EE7E0049249A /* Decoder.h in Headers */,
				376806C71462EE7E0049249A /* Mode.h in Headers */,
				376806C91462EE7E0049249A /* AlignmentPattern.h in Headers */,
				376806CB1462EE7E0049249A /* AlignmentPatternFinder.h in Headers */,
				376806CD1462EE7E0049249A /* Detector.h in Headers */,
				376806CF1462EE7E0049249A /* FinderPattern.h in Headers */,
				376806D11462EE7E0049249A /* FinderPatternFinder.h in Headers */,
				376806D31462EE7E0049249A /* FinderPatternInfo.h in Headers */,
				376806D51462EE7E0049249A /* QREdgeDetector.h in Headers */,
				376806D71462EE7E0049249A /* ErrorCorrectionLevel.h in Headers */,
				376806D91462EE7E0049249A /* FormatInformation.h in Headers */,
				376806DB1462EE7E0049249A /* QRCodeReader.h in Headers */,
				376806DD1462EE7E0049249A /* Version.h in Headers */,
				376806DF1462EE7E0049249A /* Reader.h in Headers */,
				376806E11462EE7E0049249A /* ReaderException.h in Headers */,
				376806E31462EE7E0049249A /* Result.h in Headers */,
				376806E51462EE7E0049249A /* ResultPoint.h in Headers */,
				376806E71462EE7E0049249A /* ResultPointCallback.h in Headers */,
				376806F31462F0D50049249A /* Decoder.h in Headers */,
				376806F51462F0D50049249A /* DecoderController.h in Headers */,
				376806F71462F0D50049249A /* OverlayView.h in Headers */,
				376806F91462F0D50049249A /* Sound.h in Headers */,
				376806FB1462F0D50049249A /* UIImage-Extensions.h in Headers */,
			);
			runOnlyForDeploymentPostprocessing = 0;
		};
/* End PBXHeadersBuildPhase section */

/* Begin PBXNativeTarget section */
		D2AAC07D0554694100DB518D /* qrlib */ = {
			isa = PBXNativeTarget;
			buildConfigurationList = 1DEB921E08733DC00010E9CD /* Build configuration list for PBXNativeTarget "qrlib" */;
			buildPhases = (
				D2AAC07A0554694100DB518D /* Headers */,
				D2AAC07B0554694100DB518D /* Sources */,
				D2AAC07C0554694100DB518D /* Frameworks */,
			);
			buildRules = (
			);
			dependencies = (
			);
			name = qrlib;
			productName = qrlib;
			productReference = D2AAC07E0554694100DB518D /* libqrlib.a */;
			productType = "com.apple.product-type.library.static";
		};
/* End PBXNativeTarget section */

/* Begin PBXProject section */
		0867D690FE84028FC02AAC07 /* Project object */ = {
			isa = PBXProject;
			attributes = {
				BuildIndependentTargetsInParallel = YES;
				LastUpgradeCheck = 0410;
			};
			buildConfigurationList = 1DEB922208733DC00010E9CD /* Build configuration list for PBXProject "qrlib" */;
			compatibilityVersion = "Xcode 3.2";
			developmentRegion = English;
			hasScannedForEncodings = 1;
			knownRegions = (
				en,
			);
			mainGroup = 0867D691FE84028FC02AAC07 /* qrlib */;
			productRefGroup = 034768DFFF38A50411DB9C8B /* Products */;
			projectDirPath = "";
			projectRoot = "";
			targets = (
				D2AAC07D0554694100DB518D /* qrlib */,
			);
		};
/* End PBXProject section */

/* Begin PBXSourcesBuildPhase section */
		D2AAC07B0554694100DB518D /* Sources */ = {
			isa = PBXSourcesBuildPhase;
			buildActionMask = 2147483647;
			files = (
				6E8D894910A1332200DB7C32 /* TwoDDecoderResult.m in Sources */,
				3768057B1462D1E20049249A /* FormatReader.mm in Sources */,
				376805801462D8280049249A /* QRCodeReader.mm in Sources */,
				3768063F1462EE7D0049249A /* BarcodeFormat.cpp in Sources */,
				376806411462EE7D0049249A /* Binarizer.cpp in Sources */,
				376806431462EE7D0049249A /* BinaryBitmap.cpp in Sources */,
				376806451462EE7D0049249A /* Array.cpp in Sources */,
				376806471462EE7D0049249A /* BitArray.cpp in Sources */,
				376806491462EE7D0049249A /* BitMatrix.cpp in Sources */,
				3768064B1462EE7D0049249A /* BitSource.cpp in Sources */,
				3768064D1462EE7D0049249A /* CharacterSetECI.cpp in Sources */,
				3768064F1462EE7D0049249A /* Counted.cpp in Sources */,
				376806511462EE7D0049249A /* DecoderResult.cpp in Sources */,
				376806531462EE7D0049249A /* MonochromeRectangleDetector.cpp in Sources */,
				376806551462EE7D0049249A /* WhiteRectangleDetector.cpp in Sources */,
				376806571462EE7D0049249A /* DetectorResult.cpp in Sources */,
				376806591462EE7D0049249A /* ECI.cpp in Sources */,
				3768065B1462EE7D0049249A /* EdgeDetector.cpp in Sources */,
				3768065D1462EE7D0049249A /* GlobalHistogramBinarizer.cpp in Sources */,
				3768065F1462EE7D0049249A /* GreyscaleLuminanceSource.cpp in Sources */,
				376806611462EE7D0049249A /* GreyscaleRotatedLuminanceSource.cpp in Sources */,
				376806631462EE7D0049249A /* GridSampler.cpp in Sources */,
				376806651462EE7D0049249A /* HybridBinarizer.cpp in Sources */,
				376806671462EE7D0049249A /* IllegalArgumentException.cpp in Sources */,
				376806691462EE7D0049249A /* PerspectiveTransform.cpp in Sources */,
				3768066C1462EE7D0049249A /* GF256.cpp in Sources */,
				3768066E1462EE7D0049249A /* GF256Poly.cpp in Sources */,
				376806701462EE7D0049249A /* ReedSolomonDecoder.cpp in Sources */,
				376806721462EE7D0049249A /* ReedSolomonException.cpp in Sources */,
				376806741462EE7D0049249A /* Str.cpp in Sources */,
				376806761462EE7D0049249A /* StringUtils.cpp in Sources */,
				376806781462EE7D0049249A /* DataMatrixReader.cpp in Sources */,
				3768067A1462EE7D0049249A /* BitMatrixParser.cpp in Sources */,
				3768067C1462EE7D0049249A /* DataBlock.cpp in Sources */,
				3768067E1462EE7D0049249A /* DecodedBitStreamParser.cpp in Sources */,
				376806801462EE7D0049249A /* Decoder.cpp in Sources */,
				376806821462EE7D0049249A /* CornerPoint.cpp in Sources */,
				376806841462EE7D0049249A /* Detector.cpp in Sources */,
				376806861462EE7D0049249A /* DetectorException.cpp in Sources */,
				376806881462EE7D0049249A /* MonochromeRectangleDetector.cpp in Sources */,
				3768068A1462EE7D0049249A /* Version.cpp in Sources */,
				3768068C1462EE7D0049249A /* DecodeHints.cpp in Sources */,
				3768068E1462EE7D0049249A /* Exception.cpp in Sources */,
				376806901462EE7D0049249A /* FormatException.cpp in Sources */,
				376806921462EE7D0049249A /* LuminanceSource.cpp in Sources */,
				376806941462EE7D0049249A /* ByQuadrantReader.cpp in Sources */,
				376806961462EE7D0049249A /* GenericMultipleBarcodeReader.cpp in Sources */,
				376806981462EE7D0049249A /* MultipleBarcodeReader.cpp in Sources */,
				3768069A1462EE7D0049249A /* MultiDetector.cpp in Sources */,
				3768069C1462EE7D0049249A /* MultiFinderPatternFinder.cpp in Sources */,
				3768069E1462EE7D0049249A /* QRCodeMultiReader.cpp in Sources */,
				376806A01462EE7D0049249A /* MultiFormatReader.cpp in Sources */,
				376806A21462EE7D0049249A /* NotFoundException.cpp in Sources */,
				376806A41462EE7E0049249A /* Code128Reader.cpp in Sources */,
				376806A61462EE7E0049249A /* Code39Reader.cpp in Sources */,
				376806A81462EE7E0049249A /* EAN13Reader.cpp in Sources */,
				376806AA1462EE7E0049249A /* EAN8Reader.cpp in Sources */,
				376806AC1462EE7E0049249A /* ITFReader.cpp in Sources */,
				376806AE1462EE7E0049249A /* MultiFormatOneDReader.cpp in Sources */,
				376806B01462EE7E0049249A /* MultiFormatUPCEANReader.cpp in Sources */,
				376806B21462EE7E0049249A /* OneDReader.cpp in Sources */,
				376806B41462EE7E0049249A /* OneDResultPoint.cpp in Sources */,
				376806B61462EE7E0049249A /* UPCAReader.cpp in Sources */,
				376806B81462EE7E0049249A /* UPCEANReader.cpp in Sources */,
				376806BA1462EE7E0049249A /* UPCEReader.cpp in Sources */,
				376806BC1462EE7E0049249A /* BitMatrixParser.cpp in Sources */,
				376806BE1462EE7E0049249A /* DataBlock.cpp in Sources */,
				376806C01462EE7E0049249A /* DataMask.cpp in Sources */,
				376806C21462EE7E0049249A /* DecodedBitStreamParser.cpp in Sources */,
				376806C41462EE7E0049249A /* Decoder.cpp in Sources */,
				376806C61462EE7E0049249A /* Mode.cpp in Sources */,
				376806C81462EE7E0049249A /* AlignmentPattern.cpp in Sources */,
				376806CA1462EE7E0049249A /* AlignmentPatternFinder.cpp in Sources */,
				376806CC1462EE7E0049249A /* Detector.cpp in Sources */,
				376806CE1462EE7E0049249A /* FinderPattern.cpp in Sources */,
				376806D01462EE7E0049249A /* FinderPatternFinder.cpp in Sources */,
				376806D21462EE7E0049249A /* FinderPatternInfo.cpp in Sources */,
				376806D41462EE7E0049249A /* QREdgeDetector.cpp in Sources */,
				376806D61462EE7E0049249A /* ErrorCorrectionLevel.cpp in Sources */,
				376806D81462EE7E0049249A /* FormatInformation.cpp in Sources */,
				376806DA1462EE7E0049249A /* QRCodeReader.cpp in Sources */,
				376806DC1462EE7E0049249A /* Version.cpp in Sources */,
				376806DE1462EE7E0049249A /* Reader.cpp in Sources */,
				376806E01462EE7E0049249A /* ReaderException.cpp in Sources */,
				376806E21462EE7E0049249A /* Result.cpp in Sources */,
				376806E41462EE7E0049249A /* ResultPoint.cpp in Sources */,
				376806E61462EE7E0049249A /* ResultPointCallback.cpp in Sources */,
				376806F41462F0D50049249A /* Decoder.mm in Sources */,
				376806F61462F0D50049249A /* DecoderController.m in Sources */,
				376806F81462F0D50049249A /* OverlayView.m in Sources */,
				376806FA1462F0D50049249A /* Sound.m in Sources */,
				376806FC1462F0D50049249A /* UIImage-Extensions.m in Sources */,
			);
			runOnlyForDeploymentPostprocessing = 0;
		};
/* End PBXSourcesBuildPhase section */

/* Begin XCBuildConfiguration section */
		1DEB921F08733DC00010E9CD /* Debug */ = {
			isa = XCBuildConfiguration;
			buildSettings = {
				ALWAYS_SEARCH_USER_PATHS = NO;
				COPY_PHASE_STRIP = NO;
				DSTROOT = /tmp/qrlib.dst;
				GCC_DYNAMIC_NO_PIC = NO;
				GCC_MODEL_TUNING = G5;
				GCC_OPTIMIZATION_LEVEL = 0;
				GCC_PRECOMPILE_PREFIX_HEADER = YES;
				GCC_PREFIX_HEADER = qrlib_Prefix.pch;
				GCC_SYMBOLS_PRIVATE_EXTERN = YES;
				INSTALL_PATH = /usr/local/lib;
				PRODUCT_NAME = qrlib;
				SDKROOT = iphoneos;
				SKIP_INSTALL = YES;
			};
			name = Debug;
		};
		1DEB922008733DC00010E9CD /* Release */ = {
			isa = XCBuildConfiguration;
			buildSettings = {
				ALWAYS_SEARCH_USER_PATHS = NO;
				DSTROOT = /tmp/qrlib.dst;
				GCC_MODEL_TUNING = G5;
				GCC_PRECOMPILE_PREFIX_HEADER = YES;
				GCC_PREFIX_HEADER = qrlib_Prefix.pch;
				GCC_SYMBOLS_PRIVATE_EXTERN = YES;
				INSTALL_PATH = /usr/local/lib;
				PRODUCT_NAME = qrlib;
				SDKROOT = iphoneos;
				SKIP_INSTALL = YES;
			};
			name = Release;
		};
		1DEB922308733DC00010E9CD /* Debug */ = {
			isa = XCBuildConfiguration;
			buildSettings = {
				ARCHS = (
					armv6,
					armv7,
				);
				GCC_C_LANGUAGE_STANDARD = c99;
				GCC_OPTIMIZATION_LEVEL = 0;
				GCC_PREPROCESSOR_DEFINITIONS = "DEBUG=1";
				GCC_SYMBOLS_PRIVATE_EXTERN = YES;
				GCC_WARN_ABOUT_RETURN_TYPE = YES;
				GCC_WARN_UNUSED_VARIABLE = YES;
				HEADER_SEARCH_PATHS = .;
				IPHONEOS_DEPLOYMENT_TARGET = 4.1;
				OTHER_LDFLAGS = "-ObjC";
				SDKROOT = iphoneos;
			};
			name = Debug;
		};
		1DEB922408733DC00010E9CD /* Release */ = {
			isa = XCBuildConfiguration;
			buildSettings = {
				ARCHS = (
					armv6,
					armv7,
				);
				GCC_C_LANGUAGE_STANDARD = c99;
				GCC_SYMBOLS_PRIVATE_EXTERN = YES;
				GCC_WARN_ABOUT_RETURN_TYPE = YES;
				GCC_WARN_UNUSED_VARIABLE = YES;
				HEADER_SEARCH_PATHS = .;
				IPHONEOS_DEPLOYMENT_TARGET = 4.1;
				OTHER_LDFLAGS = "-ObjC";
				SDKROOT = iphoneos;
			};
			name = Release;
		};
/* End XCBuildConfiguration section */

/* Begin XCConfigurationList section */
		1DEB921E08733DC00010E9CD /* Build configuration list for PBXNativeTarget "qrlib" */ = {
			isa = XCConfigurationList;
			buildConfigurations = (
				1DEB921F08733DC00010E9CD /* Debug */,
				1DEB922008733DC00010E9CD /* Release */,
			);
			defaultConfigurationIsVisible = 0;
			defaultConfigurationName = Release;
		};
		1DEB922208733DC00010E9CD /* Build configuration list for PBXProject "qrlib" */ = {
			isa = XCConfigurationList;
			buildConfigurations = (
				1DEB922308733DC00010E9CD /* Debug */,
				1DEB922408733DC00010E9CD /* Release */,
			);
			defaultConfigurationIsVisible = 0;
			defaultConfigurationName = Release;
		};
/* End XCConfigurationList section */
	};
	rootObject = 0867D690FE84028FC02AAC07 /* Project object */;
}
